
Microsoft Visual Studio Solution File, Format Version 12.00
# Visual Studio Version 17
VisualStudioVersion = 17.0.31903.59
MinimumVisualStudioVersion = 10.0.40219.1
Project("{FAE04EC0-301F-11D3-BF4B-00C04F79EFBC}") = "Geosphere.Plate.Topology.Contracts", "contracts\Geosphere.Plate.Topology.Contracts\Geosphere.Plate.Topology.Contracts.csproj", "{F53F24D4-7F00-4B35-98F6-6CFE59C51EBF}"
EndProject
Project("{FAE04EC0-301F-11D3-BF4B-00C04F79EFBC}") = "Geosphere.Plate.Topology.Materializer", "plugins\Geosphere.Plate.Topology.Materializer\Geosphere.Plate.Topology.Materializer.csproj", "{1E542BEB-AD2C-46BD-A5EE-D79AB2EA8F0C}"
EndProject
Project("{FAE04EC0-301F-11D3-BF4B-00C04F79EFBC}") = "Geosphere.Plate.Topology.Serializers", "plugins\Geosphere.Plate.Topology.Serializers\Geosphere.Plate.Topology.Serializers.csproj", "{FD27E091-8076-4797-A1E9-92F267035C5C}"
EndProject
Project("{FAE04EC0-301F-11D3-BF4B-00C04F79EFBC}") = "Geosphere.Plate.Topology.Tests", "tests\Geosphere.Plate.Topology.Tests\Geosphere.Plate.Topology.Tests.csproj", "{14951ACF-AA51-4424-A628-BBCDFC7F3C36}"
EndProject
Project("{2150E333-8FDC-42A3-9474-1A3956D46DE8}") = "tests", "tests", "{0AB3BF05-4346-4AA6-1389-037BE0695223}"
EndProject
Project("{FAE04EC0-301F-11D3-BF4B-00C04F79EFBC}") = "Geosphere.Plate.Runtime.Des.Tests", "tests\Geosphere.Plate.Runtime.Des.Tests\Geosphere.Plate.Runtime.Des.Tests.csproj", "{37CB7883-271A-4F47-B243-45F7FF1147C0}"
EndProject
Project("{FAE04EC0-301F-11D3-BF4B-00C04F79EFBC}") = "Geosphere.Plate.Runtime.Des", "plugins\Geosphere.Plate.Runtime.Des\Geosphere.Plate.Runtime.Des.csproj", "{D2B7D1A3-092E-481C-862F-2EE4B3D4C961}"
EndProject
Project("{2150E333-8FDC-42A3-9474-1A3956D46DE8}") = "unify-maths", "unify-maths", "{DE2F5B0B-0D0F-4C57-A03E-8F3A1E4F2B1A}"
EndProject
Project("{FAE04EC0-301F-11D3-BF4B-00C04F79EFBC}") = "UnifyGeometry.Primitives", "..\..\unify-maths\dotnet\src\UnifyGeometry.Primitives\UnifyGeometry.Primitives.csproj", "{0DB3653F-18C2-4540-A777-B1A1F1362E58}"
EndProject
Project("{FAE04EC0-301F-11D3-BF4B-00C04F79EFBC}") = "UnifyGeometry.Operations", "..\..\unify-maths\dotnet\src\UnifyGeometry.Operations\UnifyGeometry.Operations.csproj", "{BA298AD0-11FD-4B4D-AE86-60473AA21A3B}"
EndProject
Project("{FAE04EC0-301F-11D3-BF4B-00C04F79EFBC}") = "TimeDete.Determinism.Abstractions", "..\..\time-dete\dotnet\src\TimeDete.Determinism.Abstractions\TimeDete.Determinism.Abstractions.csproj", "{DDBB8D8A-9F9E-4261-9DA8-D328AFBC8BC4}"
EndProject
Project("{FAE04EC0-301F-11D3-BF4B-00C04F79EFBC}") = "General.NamespaceUsingScope", "..\..\plate-shared\dotnet\source-generators\General.NamespaceUsingScope.Set\General.NamespaceUsingScope\General.NamespaceUsingScope.csproj", "{34060CA7-1CF2-4205-B0AA-4C61BE65F71F}"
EndProject
Project("{FAE04EC0-301F-11D3-BF4B-00C04F79EFBC}") = "TimeDete.Time.Primitives", "..\..\time-dete\dotnet\src\TimeDete.Time.Primitives\TimeDete.Time.Primitives.csproj", "{ED18EF5D-9DDB-4FA4-AA47-5A68E327E878}"
EndProject
Project("{FAE04EC0-301F-11D3-BF4B-00C04F79EFBC}") = "FantaSim.Shared", "..\..\fantasim-shared\project\contracts\FantaSim.Shared\FantaSim.Shared.csproj", "{75DF1F4D-1D75-47D4-8168-5A32C85E030A}"
EndProject
Project("{FAE04EC0-301F-11D3-BF4B-00C04F79EFBC}") = "General.AutoToString", "..\..\plate-shared\dotnet\source-generators\General.AutoToString.Set\General.AutoToString\General.AutoToString.csproj", "{A210AF81-ECC6-40C6-AD93-62C7CBE0D648}"
EndProject
Project("{FAE04EC0-301F-11D3-BF4B-00C04F79EFBC}") = "General.AutoToString.Attributes", "..\..\plate-shared\dotnet\source-generators\General.AutoToString.Set\General.AutoToString.Attributes\General.AutoToString.Attributes.csproj", "{6A90A77C-605C-4AF7-A518-E9F752A6C09E}"
EndProject
Project("{FAE04EC0-301F-11D3-BF4B-00C04F79EFBC}") = "General.DisposePattern", "..\..\plate-shared\dotnet\source-generators\General.DisposePattern.Set\General.DisposePattern\General.DisposePattern.csproj", "{2D6B5FF4-A863-404E-9BC7-1F30318B84A5}"
EndProject
Project("{FAE04EC0-301F-11D3-BF4B-00C04F79EFBC}") = "General.DisposePattern.Attributes", "..\..\plate-shared\dotnet\source-generators\General.DisposePattern.Set\General.DisposePattern.Attributes\General.DisposePattern.Attributes.csproj", "{0F5DD6E9-987B-444B-8FDF-5660DB443B01}"
EndProject
Project("{FAE04EC0-301F-11D3-BF4B-00C04F79EFBC}") = "DI.ConstructorInjection", "..\..\plate-shared\dotnet\source-generators\DI.ConstructorInjection.Set\DI.ConstructorInjection\DI.ConstructorInjection.csproj", "{C3D828E0-453D-4FBF-AFF4-80C163A1C0CA}"
EndProject
Project("{FAE04EC0-301F-11D3-BF4B-00C04F79EFBC}") = "DI.ConstructorInjection.Attributes", "..\..\plate-shared\dotnet\source-generators\DI.ConstructorInjection.Set\DI.ConstructorInjection.Attributes\DI.ConstructorInjection.Attributes.csproj", "{B592F4D4-7058-4593-8CDC-D5E39D1DB890}"
EndProject
Project("{FAE04EC0-301F-11D3-BF4B-00C04F79EFBC}") = "UnifyGrid.Abstractions", "..\..\unify-grid\dotnet\src\UnifyGrid.Abstractions\UnifyGrid.Abstractions.csproj", "{FB71F6C3-55CF-4F60-9457-C46FD556FFA6}"
EndProject
Project("{2150E333-8FDC-42A3-9474-1A3956D46DE8}") = "hosts", "hosts", "{88AB7371-40A3-7B65-CF7E-ACD3CC9F1E10}"
EndProject
Project("{FAE04EC0-301F-11D3-BF4B-00C04F79EFBC}") = "Geosphere.Plate.SolverLab.Core", "hosts\Geosphere.Plate.SolverLab.Core\Geosphere.Plate.SolverLab.Core.csproj", "{D594F733-3ED4-48B0-BA01-62FE99EC7DE2}"
EndProject
Project("{FAE04EC0-301F-11D3-BF4B-00C04F79EFBC}") = "Geosphere.Plate.SolverLab.Runner", "hosts\Geosphere.Plate.SolverLab.Runner\Geosphere.Plate.SolverLab.Runner.csproj", "{15787D9B-A9B7-46BD-946F-145E5A863E23}"
EndProject
Project("{FAE04EC0-301F-11D3-BF4B-00C04F79EFBC}") = "Geosphere.Plate.PluginSmokeHost", "hosts\Geosphere.Plate.PluginSmokeHost\Geosphere.Plate.PluginSmokeHost.csproj", "{A6B4B4C0-47A7-4B59-9F58-5FA5D99D7E3C}"
EndProject
Project("{2150E333-8FDC-42A3-9474-1A3956D46DE8}") = "contracts", "contracts", "{A73F2606-6D4C-3EEE-1759-0E59DCFEF523}"
EndProject
Project("{FAE04EC0-301F-11D3-BF4B-00C04F79EFBC}") = "Geosphere.Plate.Kinematics.Contracts", "contracts\Geosphere.Plate.Kinematics.Contracts\Geosphere.Plate.Kinematics.Contracts.csproj", "{F9C529E6-F6B4-4C21-A2C1-03642B239D14}"
EndProject
Project("{FAE04EC0-301F-11D3-BF4B-00C04F79EFBC}") = "PluginArchi.SourceGenerators.Proxy", "..\..\plugin-archi\src\PluginArchi.SourceGenerators.Proxy\PluginArchi.SourceGenerators.Proxy.csproj", "{C032CCB6-A38B-484C-9916-1590D9494682}"
EndProject
Project("{FAE04EC0-301F-11D3-BF4B-00C04F79EFBC}") = "PluginArchi.Analyzers", "..\..\plugin-archi\dotnet\PluginArchi.Analyzers\PluginArchi.Analyzers.csproj", "{DFECBF21-73E0-4AAF-BD7C-96D8275A5AB2}"
EndProject
Project("{FAE04EC0-301F-11D3-BF4B-00C04F79EFBC}") = "ServiceArchi.SourceGen", "..\..\service-archi\dotnet\ServiceArchi.SourceGen\ServiceArchi.SourceGen.csproj", "{03E5CA0A-135F-4E57-9DEE-F24B615A62F4}"
EndProject
Project("{FAE04EC0-301F-11D3-BF4B-00C04F79EFBC}") = "ServiceArchi.Contracts", "..\..\service-archi\dotnet\ServiceArchi.Contracts\ServiceArchi.Contracts.csproj", "{7398E05E-A02F-4051-980E-9A76ABF1D973}"
EndProject
Project("{FAE04EC0-301F-11D3-BF4B-00C04F79EFBC}") = "UnifyDiagnostics.Generators", "..\..\crosscut-foundation\dotnet\src\UnifyDiagnostics.Generators\UnifyDiagnostics.Generators.csproj", "{611B5D6A-010F-452A-9689-4C7905F38C0E}"
EndProject
Project("{FAE04EC0-301F-11D3-BF4B-00C04F79EFBC}") = "UnifyDiagnostics.Abstractions", "..\..\crosscut-foundation\dotnet\src\UnifyDiagnostics.Abstractions\UnifyDiagnostics.Abstractions.csproj", "{4486E872-3920-47E1-873B-9DC5041AEED9}"
EndProject
Project("{FAE04EC0-301F-11D3-BF4B-00C04F79EFBC}") = "General.AutoProperties", "..\..\plate-shared\dotnet\source-generators\General.AutoProperties.Set\General.AutoProperties\General.AutoProperties.csproj", "{D186DD26-9BEA-4F78-8965-95B483E7D03C}"
EndProject
Project("{FAE04EC0-301F-11D3-BF4B-00C04F79EFBC}") = "General.AutoProperties.Attributes", "..\..\plate-shared\dotnet\source-generators\General.AutoProperties.Set\General.AutoProperties.Attributes\General.AutoProperties.Attributes.csproj", "{045628C8-C1F6-4918-810C-47164C52E39D}"
EndProject
Project("{FAE04EC0-301F-11D3-BF4B-00C04F79EFBC}") = "UnifySerialization.Abstractions", "..\..\unify-serialization\dotnet\src\UnifySerialization.Abstractions\UnifySerialization.Abstractions.csproj", "{AFA0ED5D-38B6-488D-A119-ED5EEE4A9165}"
EndProject
Project("{FAE04EC0-301F-11D3-BF4B-00C04F79EFBC}") = "UnifySerialization.Generators", "..\..\unify-serialization\dotnet\src\UnifySerialization.Generators\UnifySerialization.Generators.csproj", "{8FEA93A8-05E2-4046-A7AD-2FC89AC7DF0B}"
EndProject
Project("{2150E333-8FDC-42A3-9474-1A3956D46DE8}") = "plugins", "plugins", "{07D57EEB-2F50-60C4-C011-FE4FA775C9A8}"
EndProject
Project("{FAE04EC0-301F-11D3-BF4B-00C04F79EFBC}") = "Geosphere.Plate.Kinematics.Serializers", "plugins\Geosphere.Plate.Kinematics.Serializers\Geosphere.Plate.Kinematics.Serializers.csproj", "{CA1BF897-55E6-48D9-BF26-3EE1F269FAE7}"
EndProject
Project("{FAE04EC0-301F-11D3-BF4B-00C04F79EFBC}") = "Geosphere.Plate.Kinematics.Materializer", "plugins\Geosphere.Plate.Kinematics.Materializer\Geosphere.Plate.Kinematics.Materializer.csproj", "{02767518-81A1-4599-A1B5-59E83DAF83B7}"
EndProject
Project("{FAE04EC0-301F-11D3-BF4B-00C04F79EFBC}") = "UnifyStorage.Abstractions", "..\..\unify-storage\dotnet\src\UnifyStorage.Abstractions\UnifyStorage.Abstractions.csproj", "{6623F3F9-DA3D-42DA-9DB4-65FCEEB01D33}"
EndProject
Project("{FAE04EC0-301F-11D3-BF4B-00C04F79EFBC}") = "Geosphere.Plate.Kinematics.Tests", "tests\Geosphere.Plate.Kinematics.Tests\Geosphere.Plate.Kinematics.Tests.csproj", "{1D4FDFBB-75AA-429A-9F25-CD6FF6ED455A}"
EndProject
Project("{FAE04EC0-301F-11D3-BF4B-00C04F79EFBC}") = "Geosphere.Plate.Reconstruction.Contracts", "contracts\Geosphere.Plate.Reconstruction.Contracts\Geosphere.Plate.Reconstruction.Contracts.csproj", "{4A637883-18C7-4BBD-B901-59E2A5238115}"
EndProject
Project("{FAE04EC0-301F-11D3-BF4B-00C04F79EFBC}") = "Geosphere.Plate.Reconstruction.Solver", "plugins\Geosphere.Plate.Reconstruction.Solver\Geosphere.Plate.Reconstruction.Solver.csproj", "{C5ADE2BD-5BCB-4B55-AB85-EF68BA2BF008}"
EndProject
Project("{FAE04EC0-301F-11D3-BF4B-00C04F79EFBC}") = "Geosphere.Plate.Reconstruction.Tests", "tests\Geosphere.Plate.Reconstruction.Tests\Geosphere.Plate.Reconstruction.Tests.csproj", "{B0A62A80-7C4D-4DBC-AB8E-82ACAE6409A1}"
EndProject
Project("{FAE04EC0-301F-11D3-BF4B-00C04F79EFBC}") = "Space.Stellar.Contracts", "contracts\Space.Stellar.Contracts\Space.Stellar.Contracts.csproj", "{EB6C606D-5DDB-463A-B90C-961F33AD7D4A}"
EndProject
Project("{FAE04EC0-301F-11D3-BF4B-00C04F79EFBC}") = "Space.Stellar.Contracts.Tests", "tests\Space.Stellar.Contracts.Tests\Space.Stellar.Contracts.Tests.csproj", "{2686368A-CBC2-4C02-99D0-656959C843C6}"
EndProject
Project("{FAE04EC0-301F-11D3-BF4B-00C04F79EFBC}") = "Space.Stellar.Solvers.Reference", "plugins\Space.Stellar.Solvers.Reference\Space.Stellar.Solvers.Reference.csproj", "{CF622524-2824-43EC-BA03-261AC8D2D0B3}"
EndProject
Project("{FAE04EC0-301F-11D3-BF4B-00C04F79EFBC}") = "Space.Stellar.Solvers.Reference.Tests", "tests\Space.Stellar.Solvers.Reference.Tests\Space.Stellar.Solvers.Reference.Tests.csproj", "{1316BDB2-C6A8-4FFB-8352-360E14FB35E3}"
EndProject
Project("{FAE04EC0-301F-11D3-BF4B-00C04F79EFBC}") = "Geosphere.Plate.Datasets.Contracts", "contracts\Geosphere.Plate.Datasets.Contracts\Geosphere.Plate.Datasets.Contracts.csproj", "{B8ABF044-2950-4979-BAA1-16388F1400D8}"
EndProject
Project("{FAE04EC0-301F-11D3-BF4B-00C04F79EFBC}") = "Geosphere.Plate.Datasets.Import", "plugins\Geosphere.Plate.Datasets.Import\Geosphere.Plate.Datasets.Import.csproj", "{F67284ED-23D1-42AD-9CAF-1DE760CB89D5}"
EndProject
Project("{FAE04EC0-301F-11D3-BF4B-00C04F79EFBC}") = "Geosphere.Plate.Datasets.Tests", "tests\Geosphere.Plate.Datasets.Tests\Geosphere.Plate.Datasets.Tests.csproj", "{8AAEA7D9-9AB2-4199-B9C9-C717BE6806E7}"
EndProject
Project("{FAE04EC0-301F-11D3-BF4B-00C04F79EFBC}") = "Geosphere.Plate.Velocity.Contracts", "contracts\Geosphere.Plate.Velocity.Contracts\Geosphere.Plate.Velocity.Contracts.csproj", "{8D5298B4-3883-45F1-85C9-D30EC2BCAC38}"
EndProject
Project("{FAE04EC0-301F-11D3-BF4B-00C04F79EFBC}") = "Geosphere.Plate.Velocity.Solver", "plugins\Geosphere.Plate.Velocity.Solver\Geosphere.Plate.Velocity.Solver.csproj", "{5E7551F0-9A0D-4C8B-B48A-01AEB644CF61}"
EndProject
Project("{FAE04EC0-301F-11D3-BF4B-00C04F79EFBC}") = "Geosphere.Plate.Velocity.Tests", "tests\Geosphere.Plate.Velocity.Tests\Geosphere.Plate.Velocity.Tests.csproj", "{8C48974C-9AA7-4A9E-BE29-227E2236D4ED}"
EndProject
Project("{FAE04EC0-301F-11D3-BF4B-00C04F79EFBC}") = "Geosphere.Plate.Polygonization.Contracts", "contracts\Geosphere.Plate.Polygonization.Contracts\Geosphere.Plate.Polygonization.Contracts.csproj", "{6F631B65-0AC1-440F-B4A1-BCD3A5A8CD50}"
EndProject
Project("{FAE04EC0-301F-11D3-BF4B-00C04F79EFBC}") = "Geosphere.Plate.Polygonization.Solver", "plugins\Geosphere.Plate.Polygonization.Solver\Geosphere.Plate.Polygonization.Solver.csproj", "{639FBF99-6844-4B10-9FA3-33EED478C227}"
EndProject
Project("{FAE04EC0-301F-11D3-BF4B-00C04F79EFBC}") = "Geosphere.Plate.Polygonization.Tests", "tests\Geosphere.Plate.Polygonization.Tests\Geosphere.Plate.Polygonization.Tests.csproj", "{57FC851D-E38A-4172-90AE-4CBFD2712BAA}"
EndProject
Global
	GlobalSection(SolutionConfigurationPlatforms) = preSolution
		Debug|Any CPU = Debug|Any CPU
		Debug|x64 = Debug|x64
		Debug|x86 = Debug|x86
		Release|Any CPU = Release|Any CPU
		Release|x64 = Release|x64
		Release|x86 = Release|x86
	EndGlobalSection
	GlobalSection(ProjectConfigurationPlatforms) = postSolution
		{F53F24D4-7F00-4B35-98F6-6CFE59C51EBF}.Debug|Any CPU.ActiveCfg = Debug|Any CPU
		{F53F24D4-7F00-4B35-98F6-6CFE59C51EBF}.Debug|Any CPU.Build.0 = Debug|Any CPU
		{F53F24D4-7F00-4B35-98F6-6CFE59C51EBF}.Debug|x64.ActiveCfg = Debug|Any CPU
		{F53F24D4-7F00-4B35-98F6-6CFE59C51EBF}.Debug|x64.Build.0 = Debug|Any CPU
		{F53F24D4-7F00-4B35-98F6-6CFE59C51EBF}.Debug|x86.ActiveCfg = Debug|Any CPU
		{F53F24D4-7F00-4B35-98F6-6CFE59C51EBF}.Debug|x86.Build.0 = Debug|Any CPU
		{F53F24D4-7F00-4B35-98F6-6CFE59C51EBF}.Release|Any CPU.ActiveCfg = Release|Any CPU
		{F53F24D4-7F00-4B35-98F6-6CFE59C51EBF}.Release|Any CPU.Build.0 = Release|Any CPU
		{F53F24D4-7F00-4B35-98F6-6CFE59C51EBF}.Release|x64.ActiveCfg = Release|Any CPU
		{F53F24D4-7F00-4B35-98F6-6CFE59C51EBF}.Release|x64.Build.0 = Release|Any CPU
		{F53F24D4-7F00-4B35-98F6-6CFE59C51EBF}.Release|x86.ActiveCfg = Release|Any CPU
		{F53F24D4-7F00-4B35-98F6-6CFE59C51EBF}.Release|x86.Build.0 = Release|Any CPU
		{1E542BEB-AD2C-46BD-A5EE-D79AB2EA8F0C}.Debug|Any CPU.ActiveCfg = Debug|Any CPU
		{1E542BEB-AD2C-46BD-A5EE-D79AB2EA8F0C}.Debug|Any CPU.Build.0 = Debug|Any CPU
		{1E542BEB-AD2C-46BD-A5EE-D79AB2EA8F0C}.Debug|x64.ActiveCfg = Debug|Any CPU
		{1E542BEB-AD2C-46BD-A5EE-D79AB2EA8F0C}.Debug|x64.Build.0 = Debug|Any CPU
		{1E542BEB-AD2C-46BD-A5EE-D79AB2EA8F0C}.Debug|x86.ActiveCfg = Debug|Any CPU
		{1E542BEB-AD2C-46BD-A5EE-D79AB2EA8F0C}.Debug|x86.Build.0 = Debug|Any CPU
		{1E542BEB-AD2C-46BD-A5EE-D79AB2EA8F0C}.Release|Any CPU.ActiveCfg = Release|Any CPU
		{1E542BEB-AD2C-46BD-A5EE-D79AB2EA8F0C}.Release|Any CPU.Build.0 = Release|Any CPU
		{1E542BEB-AD2C-46BD-A5EE-D79AB2EA8F0C}.Release|x64.ActiveCfg = Release|Any CPU
		{1E542BEB-AD2C-46BD-A5EE-D79AB2EA8F0C}.Release|x64.Build.0 = Release|Any CPU
		{1E542BEB-AD2C-46BD-A5EE-D79AB2EA8F0C}.Release|x86.ActiveCfg = Release|Any CPU
		{1E542BEB-AD2C-46BD-A5EE-D79AB2EA8F0C}.Release|x86.Build.0 = Release|Any CPU
		{FD27E091-8076-4797-A1E9-92F267035C5C}.Debug|Any CPU.ActiveCfg = Debug|Any CPU
		{FD27E091-8076-4797-A1E9-92F267035C5C}.Debug|Any CPU.Build.0 = Debug|Any CPU
		{FD27E091-8076-4797-A1E9-92F267035C5C}.Debug|x64.ActiveCfg = Debug|Any CPU
		{FD27E091-8076-4797-A1E9-92F267035C5C}.Debug|x64.Build.0 = Debug|Any CPU
		{FD27E091-8076-4797-A1E9-92F267035C5C}.Debug|x86.ActiveCfg = Debug|Any CPU
		{FD27E091-8076-4797-A1E9-92F267035C5C}.Debug|x86.Build.0 = Debug|Any CPU
		{FD27E091-8076-4797-A1E9-92F267035C5C}.Release|Any CPU.ActiveCfg = Release|Any CPU
		{FD27E091-8076-4797-A1E9-92F267035C5C}.Release|Any CPU.Build.0 = Release|Any CPU
		{FD27E091-8076-4797-A1E9-92F267035C5C}.Release|x64.ActiveCfg = Release|Any CPU
		{FD27E091-8076-4797-A1E9-92F267035C5C}.Release|x64.Build.0 = Release|Any CPU
		{FD27E091-8076-4797-A1E9-92F267035C5C}.Release|x86.ActiveCfg = Release|Any CPU
		{FD27E091-8076-4797-A1E9-92F267035C5C}.Release|x86.Build.0 = Release|Any CPU
		{14951ACF-AA51-4424-A628-BBCDFC7F3C36}.Debug|Any CPU.ActiveCfg = Debug|Any CPU
		{14951ACF-AA51-4424-A628-BBCDFC7F3C36}.Debug|Any CPU.Build.0 = Debug|Any CPU
		{14951ACF-AA51-4424-A628-BBCDFC7F3C36}.Debug|x64.ActiveCfg = Debug|Any CPU
		{14951ACF-AA51-4424-A628-BBCDFC7F3C36}.Debug|x64.Build.0 = Debug|Any CPU
		{14951ACF-AA51-4424-A628-BBCDFC7F3C36}.Debug|x86.ActiveCfg = Debug|Any CPU
		{14951ACF-AA51-4424-A628-BBCDFC7F3C36}.Debug|x86.Build.0 = Debug|Any CPU
		{14951ACF-AA51-4424-A628-BBCDFC7F3C36}.Release|Any CPU.ActiveCfg = Release|Any CPU
		{14951ACF-AA51-4424-A628-BBCDFC7F3C36}.Release|Any CPU.Build.0 = Release|Any CPU
		{14951ACF-AA51-4424-A628-BBCDFC7F3C36}.Release|x64.ActiveCfg = Release|Any CPU
		{14951ACF-AA51-4424-A628-BBCDFC7F3C36}.Release|x64.Build.0 = Release|Any CPU
		{14951ACF-AA51-4424-A628-BBCDFC7F3C36}.Release|x86.ActiveCfg = Release|Any CPU
		{14951ACF-AA51-4424-A628-BBCDFC7F3C36}.Release|x86.Build.0 = Release|Any CPU
		{37CB7883-271A-4F47-B243-45F7FF1147C0}.Debug|Any CPU.ActiveCfg = Debug|Any CPU
		{37CB7883-271A-4F47-B243-45F7FF1147C0}.Debug|Any CPU.Build.0 = Debug|Any CPU
		{37CB7883-271A-4F47-B243-45F7FF1147C0}.Debug|x64.ActiveCfg = Debug|Any CPU
		{37CB7883-271A-4F47-B243-45F7FF1147C0}.Debug|x64.Build.0 = Debug|Any CPU
		{37CB7883-271A-4F47-B243-45F7FF1147C0}.Debug|x86.ActiveCfg = Debug|Any CPU
		{37CB7883-271A-4F47-B243-45F7FF1147C0}.Debug|x86.Build.0 = Debug|Any CPU
		{37CB7883-271A-4F47-B243-45F7FF1147C0}.Release|Any CPU.ActiveCfg = Release|Any CPU
		{37CB7883-271A-4F47-B243-45F7FF1147C0}.Release|Any CPU.Build.0 = Release|Any CPU
		{37CB7883-271A-4F47-B243-45F7FF1147C0}.Release|x64.ActiveCfg = Release|Any CPU
		{37CB7883-271A-4F47-B243-45F7FF1147C0}.Release|x64.Build.0 = Release|Any CPU
		{37CB7883-271A-4F47-B243-45F7FF1147C0}.Release|x86.ActiveCfg = Release|Any CPU
		{37CB7883-271A-4F47-B243-45F7FF1147C0}.Release|x86.Build.0 = Release|Any CPU
		{D2B7D1A3-092E-481C-862F-2EE4B3D4C961}.Debug|Any CPU.ActiveCfg = Debug|Any CPU
		{D2B7D1A3-092E-481C-862F-2EE4B3D4C961}.Debug|Any CPU.Build.0 = Debug|Any CPU
		{D2B7D1A3-092E-481C-862F-2EE4B3D4C961}.Debug|x64.ActiveCfg = Debug|Any CPU
		{D2B7D1A3-092E-481C-862F-2EE4B3D4C961}.Debug|x64.Build.0 = Debug|Any CPU
		{D2B7D1A3-092E-481C-862F-2EE4B3D4C961}.Debug|x86.ActiveCfg = Debug|Any CPU
		{D2B7D1A3-092E-481C-862F-2EE4B3D4C961}.Debug|x86.Build.0 = Debug|Any CPU
		{D2B7D1A3-092E-481C-862F-2EE4B3D4C961}.Release|Any CPU.ActiveCfg = Release|Any CPU
		{D2B7D1A3-092E-481C-862F-2EE4B3D4C961}.Release|Any CPU.Build.0 = Release|Any CPU
		{D2B7D1A3-092E-481C-862F-2EE4B3D4C961}.Release|x64.ActiveCfg = Release|Any CPU
		{D2B7D1A3-092E-481C-862F-2EE4B3D4C961}.Release|x64.Build.0 = Release|Any CPU
		{D2B7D1A3-092E-481C-862F-2EE4B3D4C961}.Release|x86.ActiveCfg = Release|Any CPU
		{D2B7D1A3-092E-481C-862F-2EE4B3D4C961}.Release|x86.Build.0 = Release|Any CPU
		{0DB3653F-18C2-4540-A777-B1A1F1362E58}.Debug|Any CPU.ActiveCfg = Debug|Any CPU
		{0DB3653F-18C2-4540-A777-B1A1F1362E58}.Debug|Any CPU.Build.0 = Debug|Any CPU
		{0DB3653F-18C2-4540-A777-B1A1F1362E58}.Debug|x64.ActiveCfg = Debug|Any CPU
		{0DB3653F-18C2-4540-A777-B1A1F1362E58}.Debug|x64.Build.0 = Debug|Any CPU
		{0DB3653F-18C2-4540-A777-B1A1F1362E58}.Debug|x86.ActiveCfg = Debug|Any CPU
		{0DB3653F-18C2-4540-A777-B1A1F1362E58}.Debug|x86.Build.0 = Debug|Any CPU
		{0DB3653F-18C2-4540-A777-B1A1F1362E58}.Release|Any CPU.ActiveCfg = Release|Any CPU
		{0DB3653F-18C2-4540-A777-B1A1F1362E58}.Release|Any CPU.Build.0 = Release|Any CPU
		{0DB3653F-18C2-4540-A777-B1A1F1362E58}.Release|x64.ActiveCfg = Release|Any CPU
		{0DB3653F-18C2-4540-A777-B1A1F1362E58}.Release|x64.Build.0 = Release|Any CPU
		{0DB3653F-18C2-4540-A777-B1A1F1362E58}.Release|x86.ActiveCfg = Release|Any CPU
		{0DB3653F-18C2-4540-A777-B1A1F1362E58}.Release|x86.Build.0 = Release|Any CPU
		{BA298AD0-11FD-4B4D-AE86-60473AA21A3B}.Debug|Any CPU.ActiveCfg = Debug|Any CPU
		{BA298AD0-11FD-4B4D-AE86-60473AA21A3B}.Debug|Any CPU.Build.0 = Debug|Any CPU
		{BA298AD0-11FD-4B4D-AE86-60473AA21A3B}.Debug|x64.ActiveCfg = Debug|Any CPU
		{BA298AD0-11FD-4B4D-AE86-60473AA21A3B}.Debug|x64.Build.0 = Debug|Any CPU
		{BA298AD0-11FD-4B4D-AE86-60473AA21A3B}.Debug|x86.ActiveCfg = Debug|Any CPU
		{BA298AD0-11FD-4B4D-AE86-60473AA21A3B}.Debug|x86.Build.0 = Debug|Any CPU
		{BA298AD0-11FD-4B4D-AE86-60473AA21A3B}.Release|Any CPU.ActiveCfg = Release|Any CPU
		{BA298AD0-11FD-4B4D-AE86-60473AA21A3B}.Release|Any CPU.Build.0 = Release|Any CPU
		{BA298AD0-11FD-4B4D-AE86-60473AA21A3B}.Release|x64.ActiveCfg = Release|Any CPU
		{BA298AD0-11FD-4B4D-AE86-60473AA21A3B}.Release|x64.Build.0 = Release|Any CPU
		{BA298AD0-11FD-4B4D-AE86-60473AA21A3B}.Release|x86.ActiveCfg = Release|Any CPU
		{BA298AD0-11FD-4B4D-AE86-60473AA21A3B}.Release|x86.Build.0 = Release|Any CPU
		{DDBB8D8A-9F9E-4261-9DA8-D328AFBC8BC4}.Debug|Any CPU.ActiveCfg = Debug|Any CPU
		{DDBB8D8A-9F9E-4261-9DA8-D328AFBC8BC4}.Debug|Any CPU.Build.0 = Debug|Any CPU
		{DDBB8D8A-9F9E-4261-9DA8-D328AFBC8BC4}.Debug|x64.ActiveCfg = Debug|Any CPU
		{DDBB8D8A-9F9E-4261-9DA8-D328AFBC8BC4}.Debug|x64.Build.0 = Debug|Any CPU
		{DDBB8D8A-9F9E-4261-9DA8-D328AFBC8BC4}.Debug|x86.ActiveCfg = Debug|Any CPU
		{DDBB8D8A-9F9E-4261-9DA8-D328AFBC8BC4}.Debug|x86.Build.0 = Debug|Any CPU
		{DDBB8D8A-9F9E-4261-9DA8-D328AFBC8BC4}.Release|Any CPU.ActiveCfg = Release|Any CPU
		{DDBB8D8A-9F9E-4261-9DA8-D328AFBC8BC4}.Release|Any CPU.Build.0 = Release|Any CPU
		{DDBB8D8A-9F9E-4261-9DA8-D328AFBC8BC4}.Release|x64.ActiveCfg = Release|Any CPU
		{DDBB8D8A-9F9E-4261-9DA8-D328AFBC8BC4}.Release|x64.Build.0 = Release|Any CPU
		{DDBB8D8A-9F9E-4261-9DA8-D328AFBC8BC4}.Release|x86.ActiveCfg = Release|Any CPU
		{DDBB8D8A-9F9E-4261-9DA8-D328AFBC8BC4}.Release|x86.Build.0 = Release|Any CPU
		{34060CA7-1CF2-4205-B0AA-4C61BE65F71F}.Debug|Any CPU.ActiveCfg = Debug|Any CPU
		{34060CA7-1CF2-4205-B0AA-4C61BE65F71F}.Debug|Any CPU.Build.0 = Debug|Any CPU
		{34060CA7-1CF2-4205-B0AA-4C61BE65F71F}.Debug|x64.ActiveCfg = Debug|Any CPU
		{34060CA7-1CF2-4205-B0AA-4C61BE65F71F}.Debug|x64.Build.0 = Debug|Any CPU
		{34060CA7-1CF2-4205-B0AA-4C61BE65F71F}.Debug|x86.ActiveCfg = Debug|Any CPU
		{34060CA7-1CF2-4205-B0AA-4C61BE65F71F}.Debug|x86.Build.0 = Debug|Any CPU
		{34060CA7-1CF2-4205-B0AA-4C61BE65F71F}.Release|Any CPU.ActiveCfg = Release|Any CPU
		{34060CA7-1CF2-4205-B0AA-4C61BE65F71F}.Release|Any CPU.Build.0 = Release|Any CPU
		{34060CA7-1CF2-4205-B0AA-4C61BE65F71F}.Release|x64.ActiveCfg = Release|Any CPU
		{34060CA7-1CF2-4205-B0AA-4C61BE65F71F}.Release|x64.Build.0 = Release|Any CPU
		{34060CA7-1CF2-4205-B0AA-4C61BE65F71F}.Release|x86.ActiveCfg = Release|Any CPU
		{34060CA7-1CF2-4205-B0AA-4C61BE65F71F}.Release|x86.Build.0 = Release|Any CPU
		{ED18EF5D-9DDB-4FA4-AA47-5A68E327E878}.Debug|Any CPU.ActiveCfg = Debug|Any CPU
		{ED18EF5D-9DDB-4FA4-AA47-5A68E327E878}.Debug|Any CPU.Build.0 = Debug|Any CPU
		{ED18EF5D-9DDB-4FA4-AA47-5A68E327E878}.Debug|x64.ActiveCfg = Debug|Any CPU
		{ED18EF5D-9DDB-4FA4-AA47-5A68E327E878}.Debug|x64.Build.0 = Debug|Any CPU
		{ED18EF5D-9DDB-4FA4-AA47-5A68E327E878}.Debug|x86.ActiveCfg = Debug|Any CPU
		{ED18EF5D-9DDB-4FA4-AA47-5A68E327E878}.Debug|x86.Build.0 = Debug|Any CPU
		{ED18EF5D-9DDB-4FA4-AA47-5A68E327E878}.Release|Any CPU.ActiveCfg = Release|Any CPU
		{ED18EF5D-9DDB-4FA4-AA47-5A68E327E878}.Release|Any CPU.Build.0 = Release|Any CPU
		{ED18EF5D-9DDB-4FA4-AA47-5A68E327E878}.Release|x64.ActiveCfg = Release|Any CPU
		{ED18EF5D-9DDB-4FA4-AA47-5A68E327E878}.Release|x64.Build.0 = Release|Any CPU
		{ED18EF5D-9DDB-4FA4-AA47-5A68E327E878}.Release|x86.ActiveCfg = Release|Any CPU
		{ED18EF5D-9DDB-4FA4-AA47-5A68E327E878}.Release|x86.Build.0 = Release|Any CPU
		{75DF1F4D-1D75-47D4-8168-5A32C85E030A}.Debug|Any CPU.ActiveCfg = Debug|Any CPU
		{75DF1F4D-1D75-47D4-8168-5A32C85E030A}.Debug|Any CPU.Build.0 = Debug|Any CPU
		{75DF1F4D-1D75-47D4-8168-5A32C85E030A}.Debug|x64.ActiveCfg = Debug|Any CPU
		{75DF1F4D-1D75-47D4-8168-5A32C85E030A}.Debug|x64.Build.0 = Debug|Any CPU
		{75DF1F4D-1D75-47D4-8168-5A32C85E030A}.Debug|x86.ActiveCfg = Debug|Any CPU
		{75DF1F4D-1D75-47D4-8168-5A32C85E030A}.Debug|x86.Build.0 = Debug|Any CPU
		{75DF1F4D-1D75-47D4-8168-5A32C85E030A}.Release|Any CPU.ActiveCfg = Release|Any CPU
		{75DF1F4D-1D75-47D4-8168-5A32C85E030A}.Release|Any CPU.Build.0 = Release|Any CPU
		{75DF1F4D-1D75-47D4-8168-5A32C85E030A}.Release|x64.ActiveCfg = Release|Any CPU
		{75DF1F4D-1D75-47D4-8168-5A32C85E030A}.Release|x64.Build.0 = Release|Any CPU
		{75DF1F4D-1D75-47D4-8168-5A32C85E030A}.Release|x86.ActiveCfg = Release|Any CPU
		{75DF1F4D-1D75-47D4-8168-5A32C85E030A}.Release|x86.Build.0 = Release|Any CPU
		{A210AF81-ECC6-40C6-AD93-62C7CBE0D648}.Debug|Any CPU.ActiveCfg = Debug|Any CPU
		{A210AF81-ECC6-40C6-AD93-62C7CBE0D648}.Debug|Any CPU.Build.0 = Debug|Any CPU
		{A210AF81-ECC6-40C6-AD93-62C7CBE0D648}.Debug|x64.ActiveCfg = Debug|Any CPU
		{A210AF81-ECC6-40C6-AD93-62C7CBE0D648}.Debug|x64.Build.0 = Debug|Any CPU
		{A210AF81-ECC6-40C6-AD93-62C7CBE0D648}.Debug|x86.ActiveCfg = Debug|Any CPU
		{A210AF81-ECC6-40C6-AD93-62C7CBE0D648}.Debug|x86.Build.0 = Debug|Any CPU
		{A210AF81-ECC6-40C6-AD93-62C7CBE0D648}.Release|Any CPU.ActiveCfg = Release|Any CPU
		{A210AF81-ECC6-40C6-AD93-62C7CBE0D648}.Release|Any CPU.Build.0 = Release|Any CPU
		{A210AF81-ECC6-40C6-AD93-62C7CBE0D648}.Release|x64.ActiveCfg = Release|Any CPU
		{A210AF81-ECC6-40C6-AD93-62C7CBE0D648}.Release|x64.Build.0 = Release|Any CPU
		{A210AF81-ECC6-40C6-AD93-62C7CBE0D648}.Release|x86.ActiveCfg = Release|Any CPU
		{A210AF81-ECC6-40C6-AD93-62C7CBE0D648}.Release|x86.Build.0 = Release|Any CPU
		{6A90A77C-605C-4AF7-A518-E9F752A6C09E}.Debug|Any CPU.ActiveCfg = Debug|Any CPU
		{6A90A77C-605C-4AF7-A518-E9F752A6C09E}.Debug|Any CPU.Build.0 = Debug|Any CPU
		{6A90A77C-605C-4AF7-A518-E9F752A6C09E}.Debug|x64.ActiveCfg = Debug|Any CPU
		{6A90A77C-605C-4AF7-A518-E9F752A6C09E}.Debug|x64.Build.0 = Debug|Any CPU
		{6A90A77C-605C-4AF7-A518-E9F752A6C09E}.Debug|x86.ActiveCfg = Debug|Any CPU
		{6A90A77C-605C-4AF7-A518-E9F752A6C09E}.Debug|x86.Build.0 = Debug|Any CPU
		{6A90A77C-605C-4AF7-A518-E9F752A6C09E}.Release|Any CPU.ActiveCfg = Release|Any CPU
		{6A90A77C-605C-4AF7-A518-E9F752A6C09E}.Release|Any CPU.Build.0 = Release|Any CPU
		{6A90A77C-605C-4AF7-A518-E9F752A6C09E}.Release|x64.ActiveCfg = Release|Any CPU
		{6A90A77C-605C-4AF7-A518-E9F752A6C09E}.Release|x64.Build.0 = Release|Any CPU
		{6A90A77C-605C-4AF7-A518-E9F752A6C09E}.Release|x86.ActiveCfg = Release|Any CPU
		{6A90A77C-605C-4AF7-A518-E9F752A6C09E}.Release|x86.Build.0 = Release|Any CPU
		{2D6B5FF4-A863-404E-9BC7-1F30318B84A5}.Debug|Any CPU.ActiveCfg = Debug|Any CPU
		{2D6B5FF4-A863-404E-9BC7-1F30318B84A5}.Debug|Any CPU.Build.0 = Debug|Any CPU
		{2D6B5FF4-A863-404E-9BC7-1F30318B84A5}.Debug|x64.ActiveCfg = Debug|Any CPU
		{2D6B5FF4-A863-404E-9BC7-1F30318B84A5}.Debug|x64.Build.0 = Debug|Any CPU
		{2D6B5FF4-A863-404E-9BC7-1F30318B84A5}.Debug|x86.ActiveCfg = Debug|Any CPU
		{2D6B5FF4-A863-404E-9BC7-1F30318B84A5}.Debug|x86.Build.0 = Debug|Any CPU
		{2D6B5FF4-A863-404E-9BC7-1F30318B84A5}.Release|Any CPU.ActiveCfg = Release|Any CPU
		{2D6B5FF4-A863-404E-9BC7-1F30318B84A5}.Release|Any CPU.Build.0 = Release|Any CPU
		{2D6B5FF4-A863-404E-9BC7-1F30318B84A5}.Release|x64.ActiveCfg = Release|Any CPU
		{2D6B5FF4-A863-404E-9BC7-1F30318B84A5}.Release|x64.Build.0 = Release|Any CPU
		{2D6B5FF4-A863-404E-9BC7-1F30318B84A5}.Release|x86.ActiveCfg = Release|Any CPU
		{2D6B5FF4-A863-404E-9BC7-1F30318B84A5}.Release|x86.Build.0 = Release|Any CPU
		{0F5DD6E9-987B-444B-8FDF-5660DB443B01}.Debug|Any CPU.ActiveCfg = Debug|Any CPU
		{0F5DD6E9-987B-444B-8FDF-5660DB443B01}.Debug|Any CPU.Build.0 = Debug|Any CPU
		{0F5DD6E9-987B-444B-8FDF-5660DB443B01}.Debug|x64.ActiveCfg = Debug|Any CPU
		{0F5DD6E9-987B-444B-8FDF-5660DB443B01}.Debug|x64.Build.0 = Debug|Any CPU
		{0F5DD6E9-987B-444B-8FDF-5660DB443B01}.Debug|x86.ActiveCfg = Debug|Any CPU
		{0F5DD6E9-987B-444B-8FDF-5660DB443B01}.Debug|x86.Build.0 = Debug|Any CPU
		{0F5DD6E9-987B-444B-8FDF-5660DB443B01}.Release|Any CPU.ActiveCfg = Release|Any CPU
		{0F5DD6E9-987B-444B-8FDF-5660DB443B01}.Release|Any CPU.Build.0 = Release|Any CPU
		{0F5DD6E9-987B-444B-8FDF-5660DB443B01}.Release|x64.ActiveCfg = Release|Any CPU
		{0F5DD6E9-987B-444B-8FDF-5660DB443B01}.Release|x64.Build.0 = Release|Any CPU
		{0F5DD6E9-987B-444B-8FDF-5660DB443B01}.Release|x86.ActiveCfg = Release|Any CPU
		{0F5DD6E9-987B-444B-8FDF-5660DB443B01}.Release|x86.Build.0 = Release|Any CPU
		{C3D828E0-453D-4FBF-AFF4-80C163A1C0CA}.Debug|Any CPU.ActiveCfg = Debug|Any CPU
		{C3D828E0-453D-4FBF-AFF4-80C163A1C0CA}.Debug|Any CPU.Build.0 = Debug|Any CPU
		{C3D828E0-453D-4FBF-AFF4-80C163A1C0CA}.Debug|x64.ActiveCfg = Debug|Any CPU
		{C3D828E0-453D-4FBF-AFF4-80C163A1C0CA}.Debug|x64.Build.0 = Debug|Any CPU
		{C3D828E0-453D-4FBF-AFF4-80C163A1C0CA}.Debug|x86.ActiveCfg = Debug|Any CPU
		{C3D828E0-453D-4FBF-AFF4-80C163A1C0CA}.Debug|x86.Build.0 = Debug|Any CPU
		{C3D828E0-453D-4FBF-AFF4-80C163A1C0CA}.Release|Any CPU.ActiveCfg = Release|Any CPU
		{C3D828E0-453D-4FBF-AFF4-80C163A1C0CA}.Release|Any CPU.Build.0 = Release|Any CPU
		{C3D828E0-453D-4FBF-AFF4-80C163A1C0CA}.Release|x64.ActiveCfg = Release|Any CPU
		{C3D828E0-453D-4FBF-AFF4-80C163A1C0CA}.Release|x64.Build.0 = Release|Any CPU
		{C3D828E0-453D-4FBF-AFF4-80C163A1C0CA}.Release|x86.ActiveCfg = Release|Any CPU
		{C3D828E0-453D-4FBF-AFF4-80C163A1C0CA}.Release|x86.Build.0 = Release|Any CPU
		{B592F4D4-7058-4593-8CDC-D5E39D1DB890}.Debug|Any CPU.ActiveCfg = Debug|Any CPU
		{B592F4D4-7058-4593-8CDC-D5E39D1DB890}.Debug|Any CPU.Build.0 = Debug|Any CPU
		{B592F4D4-7058-4593-8CDC-D5E39D1DB890}.Debug|x64.ActiveCfg = Debug|Any CPU
		{B592F4D4-7058-4593-8CDC-D5E39D1DB890}.Debug|x64.Build.0 = Debug|Any CPU
		{B592F4D4-7058-4593-8CDC-D5E39D1DB890}.Debug|x86.ActiveCfg = Debug|Any CPU
		{B592F4D4-7058-4593-8CDC-D5E39D1DB890}.Debug|x86.Build.0 = Debug|Any CPU
		{B592F4D4-7058-4593-8CDC-D5E39D1DB890}.Release|Any CPU.ActiveCfg = Release|Any CPU
		{B592F4D4-7058-4593-8CDC-D5E39D1DB890}.Release|Any CPU.Build.0 = Release|Any CPU
		{B592F4D4-7058-4593-8CDC-D5E39D1DB890}.Release|x64.ActiveCfg = Release|Any CPU
		{B592F4D4-7058-4593-8CDC-D5E39D1DB890}.Release|x64.Build.0 = Release|Any CPU
		{B592F4D4-7058-4593-8CDC-D5E39D1DB890}.Release|x86.ActiveCfg = Release|Any CPU
		{B592F4D4-7058-4593-8CDC-D5E39D1DB890}.Release|x86.Build.0 = Release|Any CPU
		{FB71F6C3-55CF-4F60-9457-C46FD556FFA6}.Debug|Any CPU.ActiveCfg = Debug|Any CPU
		{FB71F6C3-55CF-4F60-9457-C46FD556FFA6}.Debug|Any CPU.Build.0 = Debug|Any CPU
		{FB71F6C3-55CF-4F60-9457-C46FD556FFA6}.Debug|x64.ActiveCfg = Debug|Any CPU
		{FB71F6C3-55CF-4F60-9457-C46FD556FFA6}.Debug|x64.Build.0 = Debug|Any CPU
		{FB71F6C3-55CF-4F60-9457-C46FD556FFA6}.Debug|x86.ActiveCfg = Debug|Any CPU
		{FB71F6C3-55CF-4F60-9457-C46FD556FFA6}.Debug|x86.Build.0 = Debug|Any CPU
		{FB71F6C3-55CF-4F60-9457-C46FD556FFA6}.Release|Any CPU.ActiveCfg = Release|Any CPU
		{FB71F6C3-55CF-4F60-9457-C46FD556FFA6}.Release|Any CPU.Build.0 = Release|Any CPU
		{FB71F6C3-55CF-4F60-9457-C46FD556FFA6}.Release|x64.ActiveCfg = Release|Any CPU
		{FB71F6C3-55CF-4F60-9457-C46FD556FFA6}.Release|x64.Build.0 = Release|Any CPU
		{FB71F6C3-55CF-4F60-9457-C46FD556FFA6}.Release|x86.ActiveCfg = Release|Any CPU
		{FB71F6C3-55CF-4F60-9457-C46FD556FFA6}.Release|x86.Build.0 = Release|Any CPU
		{D594F733-3ED4-48B0-BA01-62FE99EC7DE2}.Debug|Any CPU.ActiveCfg = Debug|Any CPU
		{D594F733-3ED4-48B0-BA01-62FE99EC7DE2}.Debug|Any CPU.Build.0 = Debug|Any CPU
		{D594F733-3ED4-48B0-BA01-62FE99EC7DE2}.Debug|x64.ActiveCfg = Debug|Any CPU
		{D594F733-3ED4-48B0-BA01-62FE99EC7DE2}.Debug|x64.Build.0 = Debug|Any CPU
		{D594F733-3ED4-48B0-BA01-62FE99EC7DE2}.Debug|x86.ActiveCfg = Debug|Any CPU
		{D594F733-3ED4-48B0-BA01-62FE99EC7DE2}.Debug|x86.Build.0 = Debug|Any CPU
		{D594F733-3ED4-48B0-BA01-62FE99EC7DE2}.Release|Any CPU.ActiveCfg = Release|Any CPU
		{D594F733-3ED4-48B0-BA01-62FE99EC7DE2}.Release|Any CPU.Build.0 = Release|Any CPU
		{D594F733-3ED4-48B0-BA01-62FE99EC7DE2}.Release|x64.ActiveCfg = Release|Any CPU
		{D594F733-3ED4-48B0-BA01-62FE99EC7DE2}.Release|x64.Build.0 = Release|Any CPU
		{D594F733-3ED4-48B0-BA01-62FE99EC7DE2}.Release|x86.ActiveCfg = Release|Any CPU
		{D594F733-3ED4-48B0-BA01-62FE99EC7DE2}.Release|x86.Build.0 = Release|Any CPU
		{15787D9B-A9B7-46BD-946F-145E5A863E23}.Debug|Any CPU.ActiveCfg = Debug|Any CPU
		{15787D9B-A9B7-46BD-946F-145E5A863E23}.Debug|Any CPU.Build.0 = Debug|Any CPU
		{15787D9B-A9B7-46BD-946F-145E5A863E23}.Debug|x64.ActiveCfg = Debug|Any CPU
		{15787D9B-A9B7-46BD-946F-145E5A863E23}.Debug|x64.Build.0 = Debug|Any CPU
		{15787D9B-A9B7-46BD-946F-145E5A863E23}.Debug|x86.ActiveCfg = Debug|Any CPU
		{15787D9B-A9B7-46BD-946F-145E5A863E23}.Debug|x86.Build.0 = Debug|Any CPU
		{15787D9B-A9B7-46BD-946F-145E5A863E23}.Release|Any CPU.ActiveCfg = Release|Any CPU
		{15787D9B-A9B7-46BD-946F-145E5A863E23}.Release|Any CPU.Build.0 = Release|Any CPU
		{15787D9B-A9B7-46BD-946F-145E5A863E23}.Release|x64.ActiveCfg = Release|Any CPU
		{15787D9B-A9B7-46BD-946F-145E5A863E23}.Release|x64.Build.0 = Release|Any CPU
		{15787D9B-A9B7-46BD-946F-145E5A863E23}.Release|x86.ActiveCfg = Release|Any CPU
		{15787D9B-A9B7-46BD-946F-145E5A863E23}.Release|x86.Build.0 = Release|Any CPU
		{A6B4B4C0-47A7-4B59-9F58-5FA5D99D7E3C}.Debug|Any CPU.ActiveCfg = Debug|Any CPU
		{A6B4B4C0-47A7-4B59-9F58-5FA5D99D7E3C}.Debug|Any CPU.Build.0 = Debug|Any CPU
		{A6B4B4C0-47A7-4B59-9F58-5FA5D99D7E3C}.Debug|x64.ActiveCfg = Debug|Any CPU
		{A6B4B4C0-47A7-4B59-9F58-5FA5D99D7E3C}.Debug|x64.Build.0 = Debug|Any CPU
		{A6B4B4C0-47A7-4B59-9F58-5FA5D99D7E3C}.Debug|x86.ActiveCfg = Debug|Any CPU
		{A6B4B4C0-47A7-4B59-9F58-5FA5D99D7E3C}.Debug|x86.Build.0 = Debug|Any CPU
		{A6B4B4C0-47A7-4B59-9F58-5FA5D99D7E3C}.Release|Any CPU.ActiveCfg = Release|Any CPU
		{A6B4B4C0-47A7-4B59-9F58-5FA5D99D7E3C}.Release|Any CPU.Build.0 = Release|Any CPU
		{A6B4B4C0-47A7-4B59-9F58-5FA5D99D7E3C}.Release|x64.ActiveCfg = Release|Any CPU
		{A6B4B4C0-47A7-4B59-9F58-5FA5D99D7E3C}.Release|x64.Build.0 = Release|Any CPU
		{A6B4B4C0-47A7-4B59-9F58-5FA5D99D7E3C}.Release|x86.ActiveCfg = Release|Any CPU
		{A6B4B4C0-47A7-4B59-9F58-5FA5D99D7E3C}.Release|x86.Build.0 = Release|Any CPU
		{F9C529E6-F6B4-4C21-A2C1-03642B239D14}.Debug|Any CPU.ActiveCfg = Debug|Any CPU
		{F9C529E6-F6B4-4C21-A2C1-03642B239D14}.Debug|Any CPU.Build.0 = Debug|Any CPU
		{F9C529E6-F6B4-4C21-A2C1-03642B239D14}.Debug|x64.ActiveCfg = Debug|Any CPU
		{F9C529E6-F6B4-4C21-A2C1-03642B239D14}.Debug|x64.Build.0 = Debug|Any CPU
		{F9C529E6-F6B4-4C21-A2C1-03642B239D14}.Debug|x86.ActiveCfg = Debug|Any CPU
		{F9C529E6-F6B4-4C21-A2C1-03642B239D14}.Debug|x86.Build.0 = Debug|Any CPU
		{F9C529E6-F6B4-4C21-A2C1-03642B239D14}.Release|Any CPU.ActiveCfg = Release|Any CPU
		{F9C529E6-F6B4-4C21-A2C1-03642B239D14}.Release|Any CPU.Build.0 = Release|Any CPU
		{F9C529E6-F6B4-4C21-A2C1-03642B239D14}.Release|x64.ActiveCfg = Release|Any CPU
		{F9C529E6-F6B4-4C21-A2C1-03642B239D14}.Release|x64.Build.0 = Release|Any CPU
		{F9C529E6-F6B4-4C21-A2C1-03642B239D14}.Release|x86.ActiveCfg = Release|Any CPU
		{F9C529E6-F6B4-4C21-A2C1-03642B239D14}.Release|x86.Build.0 = Release|Any CPU
		{C032CCB6-A38B-484C-9916-1590D9494682}.Debug|Any CPU.ActiveCfg = Debug|Any CPU
		{C032CCB6-A38B-484C-9916-1590D9494682}.Debug|Any CPU.Build.0 = Debug|Any CPU
		{C032CCB6-A38B-484C-9916-1590D9494682}.Debug|x64.ActiveCfg = Debug|Any CPU
		{C032CCB6-A38B-484C-9916-1590D9494682}.Debug|x64.Build.0 = Debug|Any CPU
		{C032CCB6-A38B-484C-9916-1590D9494682}.Debug|x86.ActiveCfg = Debug|Any CPU
		{C032CCB6-A38B-484C-9916-1590D9494682}.Debug|x86.Build.0 = Debug|Any CPU
		{C032CCB6-A38B-484C-9916-1590D9494682}.Release|Any CPU.ActiveCfg = Release|Any CPU
		{C032CCB6-A38B-484C-9916-1590D9494682}.Release|Any CPU.Build.0 = Release|Any CPU
		{C032CCB6-A38B-484C-9916-1590D9494682}.Release|x64.ActiveCfg = Release|Any CPU
		{C032CCB6-A38B-484C-9916-1590D9494682}.Release|x64.Build.0 = Release|Any CPU
		{C032CCB6-A38B-484C-9916-1590D9494682}.Release|x86.ActiveCfg = Release|Any CPU
		{C032CCB6-A38B-484C-9916-1590D9494682}.Release|x86.Build.0 = Release|Any CPU
		{DFECBF21-73E0-4AAF-BD7C-96D8275A5AB2}.Debug|Any CPU.ActiveCfg = Debug|Any CPU
		{DFECBF21-73E0-4AAF-BD7C-96D8275A5AB2}.Debug|Any CPU.Build.0 = Debug|Any CPU
		{DFECBF21-73E0-4AAF-BD7C-96D8275A5AB2}.Debug|x64.ActiveCfg = Debug|Any CPU
		{DFECBF21-73E0-4AAF-BD7C-96D8275A5AB2}.Debug|x64.Build.0 = Debug|Any CPU
		{DFECBF21-73E0-4AAF-BD7C-96D8275A5AB2}.Debug|x86.ActiveCfg = Debug|Any CPU
		{DFECBF21-73E0-4AAF-BD7C-96D8275A5AB2}.Debug|x86.Build.0 = Debug|Any CPU
		{DFECBF21-73E0-4AAF-BD7C-96D8275A5AB2}.Release|Any CPU.ActiveCfg = Release|Any CPU
		{DFECBF21-73E0-4AAF-BD7C-96D8275A5AB2}.Release|Any CPU.Build.0 = Release|Any CPU
		{DFECBF21-73E0-4AAF-BD7C-96D8275A5AB2}.Release|x64.ActiveCfg = Release|Any CPU
		{DFECBF21-73E0-4AAF-BD7C-96D8275A5AB2}.Release|x64.Build.0 = Release|Any CPU
		{DFECBF21-73E0-4AAF-BD7C-96D8275A5AB2}.Release|x86.ActiveCfg = Release|Any CPU
		{DFECBF21-73E0-4AAF-BD7C-96D8275A5AB2}.Release|x86.Build.0 = Release|Any CPU
		{03E5CA0A-135F-4E57-9DEE-F24B615A62F4}.Debug|Any CPU.ActiveCfg = Debug|Any CPU
		{03E5CA0A-135F-4E57-9DEE-F24B615A62F4}.Debug|Any CPU.Build.0 = Debug|Any CPU
		{03E5CA0A-135F-4E57-9DEE-F24B615A62F4}.Debug|x64.ActiveCfg = Debug|Any CPU
		{03E5CA0A-135F-4E57-9DEE-F24B615A62F4}.Debug|x64.Build.0 = Debug|Any CPU
		{03E5CA0A-135F-4E57-9DEE-F24B615A62F4}.Debug|x86.ActiveCfg = Debug|Any CPU
		{03E5CA0A-135F-4E57-9DEE-F24B615A62F4}.Debug|x86.Build.0 = Debug|Any CPU
		{03E5CA0A-135F-4E57-9DEE-F24B615A62F4}.Release|Any CPU.ActiveCfg = Release|Any CPU
		{03E5CA0A-135F-4E57-9DEE-F24B615A62F4}.Release|Any CPU.Build.0 = Release|Any CPU
		{03E5CA0A-135F-4E57-9DEE-F24B615A62F4}.Release|x64.ActiveCfg = Release|Any CPU
		{03E5CA0A-135F-4E57-9DEE-F24B615A62F4}.Release|x64.Build.0 = Release|Any CPU
		{03E5CA0A-135F-4E57-9DEE-F24B615A62F4}.Release|x86.ActiveCfg = Release|Any CPU
		{03E5CA0A-135F-4E57-9DEE-F24B615A62F4}.Release|x86.Build.0 = Release|Any CPU
		{7398E05E-A02F-4051-980E-9A76ABF1D973}.Debug|Any CPU.ActiveCfg = Debug|Any CPU
		{7398E05E-A02F-4051-980E-9A76ABF1D973}.Debug|Any CPU.Build.0 = Debug|Any CPU
		{7398E05E-A02F-4051-980E-9A76ABF1D973}.Debug|x64.ActiveCfg = Debug|Any CPU
		{7398E05E-A02F-4051-980E-9A76ABF1D973}.Debug|x64.Build.0 = Debug|Any CPU
		{7398E05E-A02F-4051-980E-9A76ABF1D973}.Debug|x86.ActiveCfg = Debug|Any CPU
		{7398E05E-A02F-4051-980E-9A76ABF1D973}.Debug|x86.Build.0 = Debug|Any CPU
		{7398E05E-A02F-4051-980E-9A76ABF1D973}.Release|Any CPU.ActiveCfg = Release|Any CPU
		{7398E05E-A02F-4051-980E-9A76ABF1D973}.Release|Any CPU.Build.0 = Release|Any CPU
		{7398E05E-A02F-4051-980E-9A76ABF1D973}.Release|x64.ActiveCfg = Release|Any CPU
		{7398E05E-A02F-4051-980E-9A76ABF1D973}.Release|x64.Build.0 = Release|Any CPU
		{7398E05E-A02F-4051-980E-9A76ABF1D973}.Release|x86.ActiveCfg = Release|Any CPU
		{7398E05E-A02F-4051-980E-9A76ABF1D973}.Release|x86.Build.0 = Release|Any CPU
		{611B5D6A-010F-452A-9689-4C7905F38C0E}.Debug|Any CPU.ActiveCfg = Debug|Any CPU
		{611B5D6A-010F-452A-9689-4C7905F38C0E}.Debug|Any CPU.Build.0 = Debug|Any CPU
		{611B5D6A-010F-452A-9689-4C7905F38C0E}.Debug|x64.ActiveCfg = Debug|Any CPU
		{611B5D6A-010F-452A-9689-4C7905F38C0E}.Debug|x64.Build.0 = Debug|Any CPU
		{611B5D6A-010F-452A-9689-4C7905F38C0E}.Debug|x86.ActiveCfg = Debug|Any CPU
		{611B5D6A-010F-452A-9689-4C7905F38C0E}.Debug|x86.Build.0 = Debug|Any CPU
		{611B5D6A-010F-452A-9689-4C7905F38C0E}.Release|Any CPU.ActiveCfg = Release|Any CPU
		{611B5D6A-010F-452A-9689-4C7905F38C0E}.Release|Any CPU.Build.0 = Release|Any CPU
		{611B5D6A-010F-452A-9689-4C7905F38C0E}.Release|x64.ActiveCfg = Release|Any CPU
		{611B5D6A-010F-452A-9689-4C7905F38C0E}.Release|x64.Build.0 = Release|Any CPU
		{611B5D6A-010F-452A-9689-4C7905F38C0E}.Release|x86.ActiveCfg = Release|Any CPU
		{611B5D6A-010F-452A-9689-4C7905F38C0E}.Release|x86.Build.0 = Release|Any CPU
		{4486E872-3920-47E1-873B-9DC5041AEED9}.Debug|Any CPU.ActiveCfg = Debug|Any CPU
		{4486E872-3920-47E1-873B-9DC5041AEED9}.Debug|Any CPU.Build.0 = Debug|Any CPU
		{4486E872-3920-47E1-873B-9DC5041AEED9}.Debug|x64.ActiveCfg = Debug|Any CPU
		{4486E872-3920-47E1-873B-9DC5041AEED9}.Debug|x64.Build.0 = Debug|Any CPU
		{4486E872-3920-47E1-873B-9DC5041AEED9}.Debug|x86.ActiveCfg = Debug|Any CPU
		{4486E872-3920-47E1-873B-9DC5041AEED9}.Debug|x86.Build.0 = Debug|Any CPU
		{4486E872-3920-47E1-873B-9DC5041AEED9}.Release|Any CPU.ActiveCfg = Release|Any CPU
		{4486E872-3920-47E1-873B-9DC5041AEED9}.Release|Any CPU.Build.0 = Release|Any CPU
		{4486E872-3920-47E1-873B-9DC5041AEED9}.Release|x64.ActiveCfg = Release|Any CPU
		{4486E872-3920-47E1-873B-9DC5041AEED9}.Release|x64.Build.0 = Release|Any CPU
		{4486E872-3920-47E1-873B-9DC5041AEED9}.Release|x86.ActiveCfg = Release|Any CPU
		{4486E872-3920-47E1-873B-9DC5041AEED9}.Release|x86.Build.0 = Release|Any CPU
		{D186DD26-9BEA-4F78-8965-95B483E7D03C}.Debug|Any CPU.ActiveCfg = Debug|Any CPU
		{D186DD26-9BEA-4F78-8965-95B483E7D03C}.Debug|Any CPU.Build.0 = Debug|Any CPU
		{D186DD26-9BEA-4F78-8965-95B483E7D03C}.Debug|x64.ActiveCfg = Debug|Any CPU
		{D186DD26-9BEA-4F78-8965-95B483E7D03C}.Debug|x64.Build.0 = Debug|Any CPU
		{D186DD26-9BEA-4F78-8965-95B483E7D03C}.Debug|x86.ActiveCfg = Debug|Any CPU
		{D186DD26-9BEA-4F78-8965-95B483E7D03C}.Debug|x86.Build.0 = Debug|Any CPU
		{D186DD26-9BEA-4F78-8965-95B483E7D03C}.Release|Any CPU.ActiveCfg = Release|Any CPU
		{D186DD26-9BEA-4F78-8965-95B483E7D03C}.Release|Any CPU.Build.0 = Release|Any CPU
		{D186DD26-9BEA-4F78-8965-95B483E7D03C}.Release|x64.ActiveCfg = Release|Any CPU
		{D186DD26-9BEA-4F78-8965-95B483E7D03C}.Release|x64.Build.0 = Release|Any CPU
		{D186DD26-9BEA-4F78-8965-95B483E7D03C}.Release|x86.ActiveCfg = Release|Any CPU
		{D186DD26-9BEA-4F78-8965-95B483E7D03C}.Release|x86.Build.0 = Release|Any CPU
		{045628C8-C1F6-4918-810C-47164C52E39D}.Debug|Any CPU.ActiveCfg = Debug|Any CPU
		{045628C8-C1F6-4918-810C-47164C52E39D}.Debug|Any CPU.Build.0 = Debug|Any CPU
		{045628C8-C1F6-4918-810C-47164C52E39D}.Debug|x64.ActiveCfg = Debug|Any CPU
		{045628C8-C1F6-4918-810C-47164C52E39D}.Debug|x64.Build.0 = Debug|Any CPU
		{045628C8-C1F6-4918-810C-47164C52E39D}.Debug|x86.ActiveCfg = Debug|Any CPU
		{045628C8-C1F6-4918-810C-47164C52E39D}.Debug|x86.Build.0 = Debug|Any CPU
		{045628C8-C1F6-4918-810C-47164C52E39D}.Release|Any CPU.ActiveCfg = Release|Any CPU
		{045628C8-C1F6-4918-810C-47164C52E39D}.Release|Any CPU.Build.0 = Release|Any CPU
		{045628C8-C1F6-4918-810C-47164C52E39D}.Release|x64.ActiveCfg = Release|Any CPU
		{045628C8-C1F6-4918-810C-47164C52E39D}.Release|x64.Build.0 = Release|Any CPU
		{045628C8-C1F6-4918-810C-47164C52E39D}.Release|x86.ActiveCfg = Release|Any CPU
		{045628C8-C1F6-4918-810C-47164C52E39D}.Release|x86.Build.0 = Release|Any CPU
		{AFA0ED5D-38B6-488D-A119-ED5EEE4A9165}.Debug|Any CPU.ActiveCfg = Debug|Any CPU
		{AFA0ED5D-38B6-488D-A119-ED5EEE4A9165}.Debug|Any CPU.Build.0 = Debug|Any CPU
		{AFA0ED5D-38B6-488D-A119-ED5EEE4A9165}.Debug|x64.ActiveCfg = Debug|Any CPU
		{AFA0ED5D-38B6-488D-A119-ED5EEE4A9165}.Debug|x64.Build.0 = Debug|Any CPU
		{AFA0ED5D-38B6-488D-A119-ED5EEE4A9165}.Debug|x86.ActiveCfg = Debug|Any CPU
		{AFA0ED5D-38B6-488D-A119-ED5EEE4A9165}.Debug|x86.Build.0 = Debug|Any CPU
		{AFA0ED5D-38B6-488D-A119-ED5EEE4A9165}.Release|Any CPU.ActiveCfg = Release|Any CPU
		{AFA0ED5D-38B6-488D-A119-ED5EEE4A9165}.Release|Any CPU.Build.0 = Release|Any CPU
		{AFA0ED5D-38B6-488D-A119-ED5EEE4A9165}.Release|x64.ActiveCfg = Release|Any CPU
		{AFA0ED5D-38B6-488D-A119-ED5EEE4A9165}.Release|x64.Build.0 = Release|Any CPU
		{AFA0ED5D-38B6-488D-A119-ED5EEE4A9165}.Release|x86.ActiveCfg = Release|Any CPU
		{AFA0ED5D-38B6-488D-A119-ED5EEE4A9165}.Release|x86.Build.0 = Release|Any CPU
		{8FEA93A8-05E2-4046-A7AD-2FC89AC7DF0B}.Debug|Any CPU.ActiveCfg = Debug|Any CPU
		{8FEA93A8-05E2-4046-A7AD-2FC89AC7DF0B}.Debug|Any CPU.Build.0 = Debug|Any CPU
		{8FEA93A8-05E2-4046-A7AD-2FC89AC7DF0B}.Debug|x64.ActiveCfg = Debug|Any CPU
		{8FEA93A8-05E2-4046-A7AD-2FC89AC7DF0B}.Debug|x64.Build.0 = Debug|Any CPU
		{8FEA93A8-05E2-4046-A7AD-2FC89AC7DF0B}.Debug|x86.ActiveCfg = Debug|Any CPU
		{8FEA93A8-05E2-4046-A7AD-2FC89AC7DF0B}.Debug|x86.Build.0 = Debug|Any CPU
		{8FEA93A8-05E2-4046-A7AD-2FC89AC7DF0B}.Release|Any CPU.ActiveCfg = Release|Any CPU
		{8FEA93A8-05E2-4046-A7AD-2FC89AC7DF0B}.Release|Any CPU.Build.0 = Release|Any CPU
		{8FEA93A8-05E2-4046-A7AD-2FC89AC7DF0B}.Release|x64.ActiveCfg = Release|Any CPU
		{8FEA93A8-05E2-4046-A7AD-2FC89AC7DF0B}.Release|x64.Build.0 = Release|Any CPU
		{8FEA93A8-05E2-4046-A7AD-2FC89AC7DF0B}.Release|x86.ActiveCfg = Release|Any CPU
		{8FEA93A8-05E2-4046-A7AD-2FC89AC7DF0B}.Release|x86.Build.0 = Release|Any CPU
		{CA1BF897-55E6-48D9-BF26-3EE1F269FAE7}.Debug|Any CPU.ActiveCfg = Debug|Any CPU
		{CA1BF897-55E6-48D9-BF26-3EE1F269FAE7}.Debug|Any CPU.Build.0 = Debug|Any CPU
		{CA1BF897-55E6-48D9-BF26-3EE1F269FAE7}.Debug|x64.ActiveCfg = Debug|Any CPU
		{CA1BF897-55E6-48D9-BF26-3EE1F269FAE7}.Debug|x64.Build.0 = Debug|Any CPU
		{CA1BF897-55E6-48D9-BF26-3EE1F269FAE7}.Debug|x86.ActiveCfg = Debug|Any CPU
		{CA1BF897-55E6-48D9-BF26-3EE1F269FAE7}.Debug|x86.Build.0 = Debug|Any CPU
		{CA1BF897-55E6-48D9-BF26-3EE1F269FAE7}.Release|Any CPU.ActiveCfg = Release|Any CPU
		{CA1BF897-55E6-48D9-BF26-3EE1F269FAE7}.Release|Any CPU.Build.0 = Release|Any CPU
		{CA1BF897-55E6-48D9-BF26-3EE1F269FAE7}.Release|x64.ActiveCfg = Release|Any CPU
		{CA1BF897-55E6-48D9-BF26-3EE1F269FAE7}.Release|x64.Build.0 = Release|Any CPU
		{CA1BF897-55E6-48D9-BF26-3EE1F269FAE7}.Release|x86.ActiveCfg = Release|Any CPU
		{CA1BF897-55E6-48D9-BF26-3EE1F269FAE7}.Release|x86.Build.0 = Release|Any CPU
		{02767518-81A1-4599-A1B5-59E83DAF83B7}.Debug|Any CPU.ActiveCfg = Debug|Any CPU
		{02767518-81A1-4599-A1B5-59E83DAF83B7}.Debug|Any CPU.Build.0 = Debug|Any CPU
		{02767518-81A1-4599-A1B5-59E83DAF83B7}.Debug|x64.ActiveCfg = Debug|Any CPU
		{02767518-81A1-4599-A1B5-59E83DAF83B7}.Debug|x64.Build.0 = Debug|Any CPU
		{02767518-81A1-4599-A1B5-59E83DAF83B7}.Debug|x86.ActiveCfg = Debug|Any CPU
		{02767518-81A1-4599-A1B5-59E83DAF83B7}.Debug|x86.Build.0 = Debug|Any CPU
		{02767518-81A1-4599-A1B5-59E83DAF83B7}.Release|Any CPU.ActiveCfg = Release|Any CPU
		{02767518-81A1-4599-A1B5-59E83DAF83B7}.Release|Any CPU.Build.0 = Release|Any CPU
		{02767518-81A1-4599-A1B5-59E83DAF83B7}.Release|x64.ActiveCfg = Release|Any CPU
		{02767518-81A1-4599-A1B5-59E83DAF83B7}.Release|x64.Build.0 = Release|Any CPU
		{02767518-81A1-4599-A1B5-59E83DAF83B7}.Release|x86.ActiveCfg = Release|Any CPU
		{02767518-81A1-4599-A1B5-59E83DAF83B7}.Release|x86.Build.0 = Release|Any CPU
		{6623F3F9-DA3D-42DA-9DB4-65FCEEB01D33}.Debug|Any CPU.ActiveCfg = Debug|Any CPU
		{6623F3F9-DA3D-42DA-9DB4-65FCEEB01D33}.Debug|Any CPU.Build.0 = Debug|Any CPU
		{6623F3F9-DA3D-42DA-9DB4-65FCEEB01D33}.Debug|x64.ActiveCfg = Debug|Any CPU
		{6623F3F9-DA3D-42DA-9DB4-65FCEEB01D33}.Debug|x64.Build.0 = Debug|Any CPU
		{6623F3F9-DA3D-42DA-9DB4-65FCEEB01D33}.Debug|x86.ActiveCfg = Debug|Any CPU
		{6623F3F9-DA3D-42DA-9DB4-65FCEEB01D33}.Debug|x86.Build.0 = Debug|Any CPU
		{6623F3F9-DA3D-42DA-9DB4-65FCEEB01D33}.Release|Any CPU.ActiveCfg = Release|Any CPU
		{6623F3F9-DA3D-42DA-9DB4-65FCEEB01D33}.Release|Any CPU.Build.0 = Release|Any CPU
		{6623F3F9-DA3D-42DA-9DB4-65FCEEB01D33}.Release|x64.ActiveCfg = Release|Any CPU
		{6623F3F9-DA3D-42DA-9DB4-65FCEEB01D33}.Release|x64.Build.0 = Release|Any CPU
		{6623F3F9-DA3D-42DA-9DB4-65FCEEB01D33}.Release|x86.ActiveCfg = Release|Any CPU
		{6623F3F9-DA3D-42DA-9DB4-65FCEEB01D33}.Release|x86.Build.0 = Release|Any CPU
		{1D4FDFBB-75AA-429A-9F25-CD6FF6ED455A}.Debug|Any CPU.ActiveCfg = Debug|Any CPU
		{1D4FDFBB-75AA-429A-9F25-CD6FF6ED455A}.Debug|Any CPU.Build.0 = Debug|Any CPU
		{1D4FDFBB-75AA-429A-9F25-CD6FF6ED455A}.Debug|x64.ActiveCfg = Debug|Any CPU
		{1D4FDFBB-75AA-429A-9F25-CD6FF6ED455A}.Debug|x64.Build.0 = Debug|Any CPU
		{1D4FDFBB-75AA-429A-9F25-CD6FF6ED455A}.Debug|x86.ActiveCfg = Debug|Any CPU
		{1D4FDFBB-75AA-429A-9F25-CD6FF6ED455A}.Debug|x86.Build.0 = Debug|Any CPU
		{1D4FDFBB-75AA-429A-9F25-CD6FF6ED455A}.Release|Any CPU.ActiveCfg = Release|Any CPU
		{1D4FDFBB-75AA-429A-9F25-CD6FF6ED455A}.Release|Any CPU.Build.0 = Release|Any CPU
		{1D4FDFBB-75AA-429A-9F25-CD6FF6ED455A}.Release|x64.ActiveCfg = Release|Any CPU
		{1D4FDFBB-75AA-429A-9F25-CD6FF6ED455A}.Release|x64.Build.0 = Release|Any CPU
		{1D4FDFBB-75AA-429A-9F25-CD6FF6ED455A}.Release|x86.ActiveCfg = Release|Any CPU
		{1D4FDFBB-75AA-429A-9F25-CD6FF6ED455A}.Release|x86.Build.0 = Release|Any CPU
		{4A637883-18C7-4BBD-B901-59E2A5238115}.Debug|Any CPU.ActiveCfg = Debug|Any CPU
		{4A637883-18C7-4BBD-B901-59E2A5238115}.Debug|Any CPU.Build.0 = Debug|Any CPU
		{4A637883-18C7-4BBD-B901-59E2A5238115}.Debug|x64.ActiveCfg = Debug|Any CPU
		{4A637883-18C7-4BBD-B901-59E2A5238115}.Debug|x64.Build.0 = Debug|Any CPU
		{4A637883-18C7-4BBD-B901-59E2A5238115}.Debug|x86.ActiveCfg = Debug|Any CPU
		{4A637883-18C7-4BBD-B901-59E2A5238115}.Debug|x86.Build.0 = Debug|Any CPU
		{4A637883-18C7-4BBD-B901-59E2A5238115}.Release|Any CPU.ActiveCfg = Release|Any CPU
		{4A637883-18C7-4BBD-B901-59E2A5238115}.Release|Any CPU.Build.0 = Release|Any CPU
		{4A637883-18C7-4BBD-B901-59E2A5238115}.Release|x64.ActiveCfg = Release|Any CPU
		{4A637883-18C7-4BBD-B901-59E2A5238115}.Release|x64.Build.0 = Release|Any CPU
		{4A637883-18C7-4BBD-B901-59E2A5238115}.Release|x86.ActiveCfg = Release|Any CPU
		{4A637883-18C7-4BBD-B901-59E2A5238115}.Release|x86.Build.0 = Release|Any CPU
		{C5ADE2BD-5BCB-4B55-AB85-EF68BA2BF008}.Debug|Any CPU.ActiveCfg = Debug|Any CPU
		{C5ADE2BD-5BCB-4B55-AB85-EF68BA2BF008}.Debug|Any CPU.Build.0 = Debug|Any CPU
		{C5ADE2BD-5BCB-4B55-AB85-EF68BA2BF008}.Debug|x64.ActiveCfg = Debug|Any CPU
		{C5ADE2BD-5BCB-4B55-AB85-EF68BA2BF008}.Debug|x64.Build.0 = Debug|Any CPU
		{C5ADE2BD-5BCB-4B55-AB85-EF68BA2BF008}.Debug|x86.ActiveCfg = Debug|Any CPU
		{C5ADE2BD-5BCB-4B55-AB85-EF68BA2BF008}.Debug|x86.Build.0 = Debug|Any CPU
		{C5ADE2BD-5BCB-4B55-AB85-EF68BA2BF008}.Release|Any CPU.ActiveCfg = Release|Any CPU
		{C5ADE2BD-5BCB-4B55-AB85-EF68BA2BF008}.Release|Any CPU.Build.0 = Release|Any CPU
		{C5ADE2BD-5BCB-4B55-AB85-EF68BA2BF008}.Release|x64.ActiveCfg = Release|Any CPU
		{C5ADE2BD-5BCB-4B55-AB85-EF68BA2BF008}.Release|x64.Build.0 = Release|Any CPU
		{C5ADE2BD-5BCB-4B55-AB85-EF68BA2BF008}.Release|x86.ActiveCfg = Release|Any CPU
		{C5ADE2BD-5BCB-4B55-AB85-EF68BA2BF008}.Release|x86.Build.0 = Release|Any CPU
		{B0A62A80-7C4D-4DBC-AB8E-82ACAE6409A1}.Debug|Any CPU.ActiveCfg = Debug|Any CPU
		{B0A62A80-7C4D-4DBC-AB8E-82ACAE6409A1}.Debug|Any CPU.Build.0 = Debug|Any CPU
		{B0A62A80-7C4D-4DBC-AB8E-82ACAE6409A1}.Debug|x64.ActiveCfg = Debug|Any CPU
		{B0A62A80-7C4D-4DBC-AB8E-82ACAE6409A1}.Debug|x64.Build.0 = Debug|Any CPU
		{B0A62A80-7C4D-4DBC-AB8E-82ACAE6409A1}.Debug|x86.ActiveCfg = Debug|Any CPU
		{B0A62A80-7C4D-4DBC-AB8E-82ACAE6409A1}.Debug|x86.Build.0 = Debug|Any CPU
		{B0A62A80-7C4D-4DBC-AB8E-82ACAE6409A1}.Release|Any CPU.ActiveCfg = Release|Any CPU
		{B0A62A80-7C4D-4DBC-AB8E-82ACAE6409A1}.Release|Any CPU.Build.0 = Release|Any CPU
		{B0A62A80-7C4D-4DBC-AB8E-82ACAE6409A1}.Release|x64.ActiveCfg = Release|Any CPU
		{B0A62A80-7C4D-4DBC-AB8E-82ACAE6409A1}.Release|x64.Build.0 = Release|Any CPU
		{B0A62A80-7C4D-4DBC-AB8E-82ACAE6409A1}.Release|x86.ActiveCfg = Release|Any CPU
		{B0A62A80-7C4D-4DBC-AB8E-82ACAE6409A1}.Release|x86.Build.0 = Release|Any CPU
		{EB6C606D-5DDB-463A-B90C-961F33AD7D4A}.Debug|Any CPU.ActiveCfg = Debug|Any CPU
		{EB6C606D-5DDB-463A-B90C-961F33AD7D4A}.Debug|Any CPU.Build.0 = Debug|Any CPU
		{EB6C606D-5DDB-463A-B90C-961F33AD7D4A}.Debug|x64.ActiveCfg = Debug|Any CPU
		{EB6C606D-5DDB-463A-B90C-961F33AD7D4A}.Debug|x64.Build.0 = Debug|Any CPU
		{EB6C606D-5DDB-463A-B90C-961F33AD7D4A}.Debug|x86.ActiveCfg = Debug|Any CPU
		{EB6C606D-5DDB-463A-B90C-961F33AD7D4A}.Debug|x86.Build.0 = Debug|Any CPU
		{EB6C606D-5DDB-463A-B90C-961F33AD7D4A}.Release|Any CPU.ActiveCfg = Release|Any CPU
		{EB6C606D-5DDB-463A-B90C-961F33AD7D4A}.Release|Any CPU.Build.0 = Release|Any CPU
		{EB6C606D-5DDB-463A-B90C-961F33AD7D4A}.Release|x64.ActiveCfg = Release|Any CPU
		{EB6C606D-5DDB-463A-B90C-961F33AD7D4A}.Release|x64.Build.0 = Release|Any CPU
		{EB6C606D-5DDB-463A-B90C-961F33AD7D4A}.Release|x86.ActiveCfg = Release|Any CPU
		{EB6C606D-5DDB-463A-B90C-961F33AD7D4A}.Release|x86.Build.0 = Release|Any CPU
		{2686368A-CBC2-4C02-99D0-656959C843C6}.Debug|Any CPU.ActiveCfg = Debug|Any CPU
		{2686368A-CBC2-4C02-99D0-656959C843C6}.Debug|Any CPU.Build.0 = Debug|Any CPU
		{2686368A-CBC2-4C02-99D0-656959C843C6}.Debug|x64.ActiveCfg = Debug|Any CPU
		{2686368A-CBC2-4C02-99D0-656959C843C6}.Debug|x64.Build.0 = Debug|Any CPU
		{2686368A-CBC2-4C02-99D0-656959C843C6}.Debug|x86.ActiveCfg = Debug|Any CPU
		{2686368A-CBC2-4C02-99D0-656959C843C6}.Debug|x86.Build.0 = Debug|Any CPU
		{2686368A-CBC2-4C02-99D0-656959C843C6}.Release|Any CPU.ActiveCfg = Release|Any CPU
		{2686368A-CBC2-4C02-99D0-656959C843C6}.Release|Any CPU.Build.0 = Release|Any CPU
		{2686368A-CBC2-4C02-99D0-656959C843C6}.Release|x64.ActiveCfg = Release|Any CPU
		{2686368A-CBC2-4C02-99D0-656959C843C6}.Release|x64.Build.0 = Release|Any CPU
		{2686368A-CBC2-4C02-99D0-656959C843C6}.Release|x86.ActiveCfg = Release|Any CPU
		{2686368A-CBC2-4C02-99D0-656959C843C6}.Release|x86.Build.0 = Release|Any CPU
		{CF622524-2824-43EC-BA03-261AC8D2D0B3}.Debug|Any CPU.ActiveCfg = Debug|Any CPU
		{CF622524-2824-43EC-BA03-261AC8D2D0B3}.Debug|Any CPU.Build.0 = Debug|Any CPU
		{CF622524-2824-43EC-BA03-261AC8D2D0B3}.Debug|x64.ActiveCfg = Debug|Any CPU
		{CF622524-2824-43EC-BA03-261AC8D2D0B3}.Debug|x64.Build.0 = Debug|Any CPU
		{CF622524-2824-43EC-BA03-261AC8D2D0B3}.Debug|x86.ActiveCfg = Debug|Any CPU
		{CF622524-2824-43EC-BA03-261AC8D2D0B3}.Debug|x86.Build.0 = Debug|Any CPU
		{CF622524-2824-43EC-BA03-261AC8D2D0B3}.Release|Any CPU.ActiveCfg = Release|Any CPU
		{CF622524-2824-43EC-BA03-261AC8D2D0B3}.Release|Any CPU.Build.0 = Release|Any CPU
		{CF622524-2824-43EC-BA03-261AC8D2D0B3}.Release|x64.ActiveCfg = Release|Any CPU
		{CF622524-2824-43EC-BA03-261AC8D2D0B3}.Release|x64.Build.0 = Release|Any CPU
		{CF622524-2824-43EC-BA03-261AC8D2D0B3}.Release|x86.ActiveCfg = Release|Any CPU
		{CF622524-2824-43EC-BA03-261AC8D2D0B3}.Release|x86.Build.0 = Release|Any CPU
		{1316BDB2-C6A8-4FFB-8352-360E14FB35E3}.Debug|Any CPU.ActiveCfg = Debug|Any CPU
		{1316BDB2-C6A8-4FFB-8352-360E14FB35E3}.Debug|Any CPU.Build.0 = Debug|Any CPU
		{1316BDB2-C6A8-4FFB-8352-360E14FB35E3}.Debug|x64.ActiveCfg = Debug|Any CPU
		{1316BDB2-C6A8-4FFB-8352-360E14FB35E3}.Debug|x64.Build.0 = Debug|Any CPU
		{1316BDB2-C6A8-4FFB-8352-360E14FB35E3}.Debug|x86.ActiveCfg = Debug|Any CPU
		{1316BDB2-C6A8-4FFB-8352-360E14FB35E3}.Debug|x86.Build.0 = Debug|Any CPU
		{1316BDB2-C6A8-4FFB-8352-360E14FB35E3}.Release|Any CPU.ActiveCfg = Release|Any CPU
		{1316BDB2-C6A8-4FFB-8352-360E14FB35E3}.Release|Any CPU.Build.0 = Release|Any CPU
		{1316BDB2-C6A8-4FFB-8352-360E14FB35E3}.Release|x64.ActiveCfg = Release|Any CPU
		{1316BDB2-C6A8-4FFB-8352-360E14FB35E3}.Release|x64.Build.0 = Release|Any CPU
		{1316BDB2-C6A8-4FFB-8352-360E14FB35E3}.Release|x86.ActiveCfg = Release|Any CPU
		{1316BDB2-C6A8-4FFB-8352-360E14FB35E3}.Release|x86.Build.0 = Release|Any CPU
		{B8ABF044-2950-4979-BAA1-16388F1400D8}.Debug|Any CPU.ActiveCfg = Debug|Any CPU
		{B8ABF044-2950-4979-BAA1-16388F1400D8}.Debug|Any CPU.Build.0 = Debug|Any CPU
		{B8ABF044-2950-4979-BAA1-16388F1400D8}.Debug|x64.ActiveCfg = Debug|Any CPU
		{B8ABF044-2950-4979-BAA1-16388F1400D8}.Debug|x64.Build.0 = Debug|Any CPU
		{B8ABF044-2950-4979-BAA1-16388F1400D8}.Debug|x86.ActiveCfg = Debug|Any CPU
		{B8ABF044-2950-4979-BAA1-16388F1400D8}.Debug|x86.Build.0 = Debug|Any CPU
		{B8ABF044-2950-4979-BAA1-16388F1400D8}.Release|Any CPU.ActiveCfg = Release|Any CPU
		{B8ABF044-2950-4979-BAA1-16388F1400D8}.Release|Any CPU.Build.0 = Release|Any CPU
		{B8ABF044-2950-4979-BAA1-16388F1400D8}.Release|x64.ActiveCfg = Release|Any CPU
		{B8ABF044-2950-4979-BAA1-16388F1400D8}.Release|x64.Build.0 = Release|Any CPU
		{B8ABF044-2950-4979-BAA1-16388F1400D8}.Release|x86.ActiveCfg = Release|Any CPU
		{B8ABF044-2950-4979-BAA1-16388F1400D8}.Release|x86.Build.0 = Release|Any CPU
		{F67284ED-23D1-42AD-9CAF-1DE760CB89D5}.Debug|Any CPU.ActiveCfg = Debug|Any CPU
		{F67284ED-23D1-42AD-9CAF-1DE760CB89D5}.Debug|Any CPU.Build.0 = Debug|Any CPU
		{F67284ED-23D1-42AD-9CAF-1DE760CB89D5}.Debug|x64.ActiveCfg = Debug|Any CPU
		{F67284ED-23D1-42AD-9CAF-1DE760CB89D5}.Debug|x64.Build.0 = Debug|Any CPU
		{F67284ED-23D1-42AD-9CAF-1DE760CB89D5}.Debug|x86.ActiveCfg = Debug|Any CPU
		{F67284ED-23D1-42AD-9CAF-1DE760CB89D5}.Debug|x86.Build.0 = Debug|Any CPU
		{F67284ED-23D1-42AD-9CAF-1DE760CB89D5}.Release|Any CPU.ActiveCfg = Release|Any CPU
		{F67284ED-23D1-42AD-9CAF-1DE760CB89D5}.Release|Any CPU.Build.0 = Release|Any CPU
		{F67284ED-23D1-42AD-9CAF-1DE760CB89D5}.Release|x64.ActiveCfg = Release|Any CPU
		{F67284ED-23D1-42AD-9CAF-1DE760CB89D5}.Release|x64.Build.0 = Release|Any CPU
		{F67284ED-23D1-42AD-9CAF-1DE760CB89D5}.Release|x86.ActiveCfg = Release|Any CPU
		{F67284ED-23D1-42AD-9CAF-1DE760CB89D5}.Release|x86.Build.0 = Release|Any CPU
		{8AAEA7D9-9AB2-4199-B9C9-C717BE6806E7}.Debug|Any CPU.ActiveCfg = Debug|Any CPU
		{8AAEA7D9-9AB2-4199-B9C9-C717BE6806E7}.Debug|Any CPU.Build.0 = Debug|Any CPU
		{8AAEA7D9-9AB2-4199-B9C9-C717BE6806E7}.Debug|x64.ActiveCfg = Debug|Any CPU
		{8AAEA7D9-9AB2-4199-B9C9-C717BE6806E7}.Debug|x64.Build.0 = Debug|Any CPU
		{8AAEA7D9-9AB2-4199-B9C9-C717BE6806E7}.Debug|x86.ActiveCfg = Debug|Any CPU
		{8AAEA7D9-9AB2-4199-B9C9-C717BE6806E7}.Debug|x86.Build.0 = Debug|Any CPU
		{8AAEA7D9-9AB2-4199-B9C9-C717BE6806E7}.Release|Any CPU.ActiveCfg = Release|Any CPU
		{8AAEA7D9-9AB2-4199-B9C9-C717BE6806E7}.Release|Any CPU.Build.0 = Release|Any CPU
		{8AAEA7D9-9AB2-4199-B9C9-C717BE6806E7}.Release|x64.ActiveCfg = Release|Any CPU
		{8AAEA7D9-9AB2-4199-B9C9-C717BE6806E7}.Release|x64.Build.0 = Release|Any CPU
		{8AAEA7D9-9AB2-4199-B9C9-C717BE6806E7}.Release|x86.ActiveCfg = Release|Any CPU
		{8AAEA7D9-9AB2-4199-B9C9-C717BE6806E7}.Release|x86.Build.0 = Release|Any CPU
		{8D5298B4-3883-45F1-85C9-D30EC2BCAC38}.Debug|Any CPU.ActiveCfg = Debug|Any CPU
		{8D5298B4-3883-45F1-85C9-D30EC2BCAC38}.Debug|Any CPU.Build.0 = Debug|Any CPU
		{8D5298B4-3883-45F1-85C9-D30EC2BCAC38}.Debug|x64.ActiveCfg = Debug|Any CPU
		{8D5298B4-3883-45F1-85C9-D30EC2BCAC38}.Debug|x64.Build.0 = Debug|Any CPU
		{8D5298B4-3883-45F1-85C9-D30EC2BCAC38}.Debug|x86.ActiveCfg = Debug|Any CPU
		{8D5298B4-3883-45F1-85C9-D30EC2BCAC38}.Debug|x86.Build.0 = Debug|Any CPU
		{8D5298B4-3883-45F1-85C9-D30EC2BCAC38}.Release|Any CPU.ActiveCfg = Release|Any CPU
		{8D5298B4-3883-45F1-85C9-D30EC2BCAC38}.Release|Any CPU.Build.0 = Release|Any CPU
		{8D5298B4-3883-45F1-85C9-D30EC2BCAC38}.Release|x64.ActiveCfg = Release|Any CPU
		{8D5298B4-3883-45F1-85C9-D30EC2BCAC38}.Release|x64.Build.0 = Release|Any CPU
		{8D5298B4-3883-45F1-85C9-D30EC2BCAC38}.Release|x86.ActiveCfg = Release|Any CPU
		{8D5298B4-3883-45F1-85C9-D30EC2BCAC38}.Release|x86.Build.0 = Release|Any CPU
		{5E7551F0-9A0D-4C8B-B48A-01AEB644CF61}.Debug|Any CPU.ActiveCfg = Debug|Any CPU
		{5E7551F0-9A0D-4C8B-B48A-01AEB644CF61}.Debug|Any CPU.Build.0 = Debug|Any CPU
		{5E7551F0-9A0D-4C8B-B48A-01AEB644CF61}.Debug|x64.ActiveCfg = Debug|Any CPU
		{5E7551F0-9A0D-4C8B-B48A-01AEB644CF61}.Debug|x64.Build.0 = Debug|Any CPU
		{5E7551F0-9A0D-4C8B-B48A-01AEB644CF61}.Debug|x86.ActiveCfg = Debug|Any CPU
		{5E7551F0-9A0D-4C8B-B48A-01AEB644CF61}.Debug|x86.Build.0 = Debug|Any CPU
		{5E7551F0-9A0D-4C8B-B48A-01AEB644CF61}.Release|Any CPU.ActiveCfg = Release|Any CPU
		{5E7551F0-9A0D-4C8B-B48A-01AEB644CF61}.Release|Any CPU.Build.0 = Release|Any CPU
		{5E7551F0-9A0D-4C8B-B48A-01AEB644CF61}.Release|x64.ActiveCfg = Release|Any CPU
		{5E7551F0-9A0D-4C8B-B48A-01AEB644CF61}.Release|x64.Build.0 = Release|Any CPU
		{5E7551F0-9A0D-4C8B-B48A-01AEB644CF61}.Release|x86.ActiveCfg = Release|Any CPU
		{5E7551F0-9A0D-4C8B-B48A-01AEB644CF61}.Release|x86.Build.0 = Release|Any CPU
		{8C48974C-9AA7-4A9E-BE29-227E2236D4ED}.Debug|Any CPU.ActiveCfg = Debug|Any CPU
		{8C48974C-9AA7-4A9E-BE29-227E2236D4ED}.Debug|Any CPU.Build.0 = Debug|Any CPU
		{8C48974C-9AA7-4A9E-BE29-227E2236D4ED}.Debug|x64.ActiveCfg = Debug|Any CPU
		{8C48974C-9AA7-4A9E-BE29-227E2236D4ED}.Debug|x64.Build.0 = Debug|Any CPU
		{8C48974C-9AA7-4A9E-BE29-227E2236D4ED}.Debug|x86.ActiveCfg = Debug|Any CPU
		{8C48974C-9AA7-4A9E-BE29-227E2236D4ED}.Debug|x86.Build.0 = Debug|Any CPU
		{8C48974C-9AA7-4A9E-BE29-227E2236D4ED}.Release|Any CPU.ActiveCfg = Release|Any CPU
		{8C48974C-9AA7-4A9E-BE29-227E2236D4ED}.Release|Any CPU.Build.0 = Release|Any CPU
		{8C48974C-9AA7-4A9E-BE29-227E2236D4ED}.Release|x64.ActiveCfg = Release|Any CPU
		{8C48974C-9AA7-4A9E-BE29-227E2236D4ED}.Release|x64.Build.0 = Release|Any CPU
		{8C48974C-9AA7-4A9E-BE29-227E2236D4ED}.Release|x86.ActiveCfg = Release|Any CPU
		{8C48974C-9AA7-4A9E-BE29-227E2236D4ED}.Release|x86.Build.0 = Release|Any CPU
		{6F631B65-0AC1-440F-B4A1-BCD3A5A8CD50}.Debug|Any CPU.ActiveCfg = Debug|Any CPU
		{6F631B65-0AC1-440F-B4A1-BCD3A5A8CD50}.Debug|Any CPU.Build.0 = Debug|Any CPU
		{6F631B65-0AC1-440F-B4A1-BCD3A5A8CD50}.Debug|x64.ActiveCfg = Debug|Any CPU
		{6F631B65-0AC1-440F-B4A1-BCD3A5A8CD50}.Debug|x64.Build.0 = Debug|Any CPU
		{6F631B65-0AC1-440F-B4A1-BCD3A5A8CD50}.Debug|x86.ActiveCfg = Debug|Any CPU
		{6F631B65-0AC1-440F-B4A1-BCD3A5A8CD50}.Debug|x86.Build.0 = Debug|Any CPU
		{6F631B65-0AC1-440F-B4A1-BCD3A5A8CD50}.Release|Any CPU.ActiveCfg = Release|Any CPU
		{6F631B65-0AC1-440F-B4A1-BCD3A5A8CD50}.Release|Any CPU.Build.0 = Release|Any CPU
		{6F631B65-0AC1-440F-B4A1-BCD3A5A8CD50}.Release|x64.ActiveCfg = Release|Any CPU
		{6F631B65-0AC1-440F-B4A1-BCD3A5A8CD50}.Release|x64.Build.0 = Release|Any CPU
		{6F631B65-0AC1-440F-B4A1-BCD3A5A8CD50}.Release|x86.ActiveCfg = Release|Any CPU
		{6F631B65-0AC1-440F-B4A1-BCD3A5A8CD50}.Release|x86.Build.0 = Release|Any CPU
		{639FBF99-6844-4B10-9FA3-33EED478C227}.Debug|Any CPU.ActiveCfg = Debug|Any CPU
		{639FBF99-6844-4B10-9FA3-33EED478C227}.Debug|Any CPU.Build.0 = Debug|Any CPU
		{639FBF99-6844-4B10-9FA3-33EED478C227}.Debug|x64.ActiveCfg = Debug|Any CPU
		{639FBF99-6844-4B10-9FA3-33EED478C227}.Debug|x64.Build.0 = Debug|Any CPU
		{639FBF99-6844-4B10-9FA3-33EED478C227}.Debug|x86.ActiveCfg = Debug|Any CPU
		{639FBF99-6844-4B10-9FA3-33EED478C227}.Debug|x86.Build.0 = Debug|Any CPU
		{639FBF99-6844-4B10-9FA3-33EED478C227}.Release|Any CPU.ActiveCfg = Release|Any CPU
		{639FBF99-6844-4B10-9FA3-33EED478C227}.Release|Any CPU.Build.0 = Release|Any CPU
		{639FBF99-6844-4B10-9FA3-33EED478C227}.Release|x64.ActiveCfg = Release|Any CPU
		{639FBF99-6844-4B10-9FA3-33EED478C227}.Release|x64.Build.0 = Release|Any CPU
		{639FBF99-6844-4B10-9FA3-33EED478C227}.Release|x86.ActiveCfg = Release|Any CPU
		{639FBF99-6844-4B10-9FA3-33EED478C227}.Release|x86.Build.0 = Release|Any CPU
		{57FC851D-E38A-4172-90AE-4CBFD2712BAA}.Debug|Any CPU.ActiveCfg = Debug|Any CPU
		{57FC851D-E38A-4172-90AE-4CBFD2712BAA}.Debug|Any CPU.Build.0 = Debug|Any CPU
		{57FC851D-E38A-4172-90AE-4CBFD2712BAA}.Debug|x64.ActiveCfg = Debug|Any CPU
		{57FC851D-E38A-4172-90AE-4CBFD2712BAA}.Debug|x64.Build.0 = Debug|Any CPU
		{57FC851D-E38A-4172-90AE-4CBFD2712BAA}.Debug|x86.ActiveCfg = Debug|Any CPU
		{57FC851D-E38A-4172-90AE-4CBFD2712BAA}.Debug|x86.Build.0 = Debug|Any CPU
		{57FC851D-E38A-4172-90AE-4CBFD2712BAA}.Release|Any CPU.ActiveCfg = Release|Any CPU
		{57FC851D-E38A-4172-90AE-4CBFD2712BAA}.Release|Any CPU.Build.0 = Release|Any CPU
		{57FC851D-E38A-4172-90AE-4CBFD2712BAA}.Release|x64.ActiveCfg = Release|Any CPU
		{57FC851D-E38A-4172-90AE-4CBFD2712BAA}.Release|x64.Build.0 = Release|Any CPU
		{57FC851D-E38A-4172-90AE-4CBFD2712BAA}.Release|x86.ActiveCfg = Release|Any CPU
		{57FC851D-E38A-4172-90AE-4CBFD2712BAA}.Release|x86.Build.0 = Release|Any CPU
	EndGlobalSection
	GlobalSection(SolutionProperties) = preSolution
		HideSolutionNode = FALSE
	EndGlobalSection
	GlobalSection(NestedProjects) = preSolution
		{37CB7883-271A-4F47-B243-45F7FF1147C0} = {0AB3BF05-4346-4AA6-1389-037BE0695223}
		{0DB3653F-18C2-4540-A777-B1A1F1362E58} = {DE2F5B0B-0D0F-4C57-A03E-8F3A1E4F2B1A}
		{BA298AD0-11FD-4B4D-AE86-60473AA21A3B} = {DE2F5B0B-0D0F-4C57-A03E-8F3A1E4F2B1A}
		{D594F733-3ED4-48B0-BA01-62FE99EC7DE2} = {88AB7371-40A3-7B65-CF7E-ACD3CC9F1E10}
		{15787D9B-A9B7-46BD-946F-145E5A863E23} = {88AB7371-40A3-7B65-CF7E-ACD3CC9F1E10}
		{A6B4B4C0-47A7-4B59-9F58-5FA5D99D7E3C} = {88AB7371-40A3-7B65-CF7E-ACD3CC9F1E10}
		{F9C529E6-F6B4-4C21-A2C1-03642B239D14} = {A73F2606-6D4C-3EEE-1759-0E59DCFEF523}
		{CA1BF897-55E6-48D9-BF26-3EE1F269FAE7} = {07D57EEB-2F50-60C4-C011-FE4FA775C9A8}
		{02767518-81A1-4599-A1B5-59E83DAF83B7} = {07D57EEB-2F50-60C4-C011-FE4FA775C9A8}
		{1D4FDFBB-75AA-429A-9F25-CD6FF6ED455A} = {0AB3BF05-4346-4AA6-1389-037BE0695223}
		{4A637883-18C7-4BBD-B901-59E2A5238115} = {A73F2606-6D4C-3EEE-1759-0E59DCFEF523}
		{C5ADE2BD-5BCB-4B55-AB85-EF68BA2BF008} = {07D57EEB-2F50-60C4-C011-FE4FA775C9A8}
		{B0A62A80-7C4D-4DBC-AB8E-82ACAE6409A1} = {0AB3BF05-4346-4AA6-1389-037BE0695223}
		{EB6C606D-5DDB-463A-B90C-961F33AD7D4A} = {A73F2606-6D4C-3EEE-1759-0E59DCFEF523}
		{2686368A-CBC2-4C02-99D0-656959C843C6} = {0AB3BF05-4346-4AA6-1389-037BE0695223}
		{CF622524-2824-43EC-BA03-261AC8D2D0B3} = {07D57EEB-2F50-60C4-C011-FE4FA775C9A8}
		{1316BDB2-C6A8-4FFB-8352-360E14FB35E3} = {0AB3BF05-4346-4AA6-1389-037BE0695223}
		{B8ABF044-2950-4979-BAA1-16388F1400D8} = {A73F2606-6D4C-3EEE-1759-0E59DCFEF523}
		{F67284ED-23D1-42AD-9CAF-1DE760CB89D5} = {07D57EEB-2F50-60C4-C011-FE4FA775C9A8}
		{8AAEA7D9-9AB2-4199-B9C9-C717BE6806E7} = {0AB3BF05-4346-4AA6-1389-037BE0695223}
		{8D5298B4-3883-45F1-85C9-D30EC2BCAC38} = {A73F2606-6D4C-3EEE-1759-0E59DCFEF523}
		{5E7551F0-9A0D-4C8B-B48A-01AEB644CF61} = {07D57EEB-2F50-60C4-C011-FE4FA775C9A8}
		{8C48974C-9AA7-4A9E-BE29-227E2236D4ED} = {0AB3BF05-4346-4AA6-1389-037BE0695223}
		{6F631B65-0AC1-440F-B4A1-BCD3A5A8CD50} = {A73F2606-6D4C-3EEE-1759-0E59DCFEF523}
		{639FBF99-6844-4B10-9FA3-33EED478C227} = {07D57EEB-2F50-60C4-C011-FE4FA775C9A8}
		{57FC851D-E38A-4172-90AE-4CBFD2712BAA} = {0AB3BF05-4346-4AA6-1389-037BE0695223}
	EndGlobalSection
EndGlobal
